<?xml version="1.0" encoding="utf-8"?>
<Project ToolsVersion="4.0" xmlns="http://schemas.microsoft.com/developer/msbuild/2003">
  <ItemGroup>
    <Filter Include="Sources">
      <UniqueIdentifier>{4FC737F1-C7A5-4376-A066-2A32D752A2FF}</UniqueIdentifier>
      <Extensions>cpp;c;cc;cxx;def;odl;idl;hpj;bat;asm;asmx</Extensions>
    </Filter>
    <Filter Include="Headers">
      <UniqueIdentifier>{93995380-89BD-4b04-88EB-625FBE52EBFB}</UniqueIdentifier>
      <Extensions>h;hpp;hxx;hm;inl;inc;xsd</Extensions>
    </Filter>
    <Filter Include="Generated">
      <UniqueIdentifier>{8aa342ab-cde3-48bc-99f3-b2cd3821141f}</UniqueIdentifier>
    </Filter>
  </ItemGroup>
  <ItemGroup>
    <ClInclude Include="stdafx.h">
      <Filter>Headers</Filter>
    </ClInclude>
    <ClInclude Include="targetver.h">
      <Filter>Headers</Filter>
    </ClInclude>
    <ClInclude Include="TypesSerializer.hpp">
      <Filter>Generated</Filter>
    </ClInclude>
    <ClInclude Include="InOutType.h">
      <Filter>Headers</Filter>
    </ClInclude>
    <ClInclude Include="InType.h">
      <Filter>Headers</Filter>
    </ClInclude>
    <ClInclude Include="OutType.h">
      <Filter>Headers</Filter>
    </ClInclude>
    <ClInclude Include="ReturnType.h">
      <Filter>Headers</Filter>
    </ClInclude>
    <ClInclude Include="UsedType.h">
      <Filter>Headers</Filter>
    </ClInclude>
    <ClInclude Include="Server.h">
      <Filter>Headers</Filter>
    </ClInclude>
    <ClInclude Include="Channel.h">
      <Filter>Headers</Filter>
    </ClInclude>
    <ClInclude Include="Extended.h">
      <Filter>Headers</Filter>
    </ClInclude>
    <ClInclude Include="Simple.h">
      <Filter>Headers</Filter>
    </ClInclude>
    <ClInclude Include="Server.hpp">
      <Filter>Generated</Filter>
    </ClInclude>
  </ItemGroup>
  <ItemGroup>
    <ClCompile Include="stdafx.cpp">
      <Filter>Sources</Filter>
    </ClCompile>
    <ClCompile Include="RemoteCppServer.cpp">
      <Filter>Sources</Filter>
    </ClCompile>
    <ClCompile Include="Server.cpp">
      <Filter>Sources</Filter>
    </ClCompile>
    <ClCompile Include="Channel.cpp">
      <Filter>Sources</Filter>
    </ClCompile>
    <ClCompile Include="Extended.cpp">
      <Filter>Sources</Filter>
    </ClCompile>
    <ClCompile Include="Simple.cpp">
      <Filter>Sources</Filter>
    </ClCompile>
  </ItemGroup>
  <ItemGroup>
    <CustomBuild Include="..\remote.xml">
      <Filter>Sources</Filter>
    </CustomBuild>
  </ItemGroup>
</Project>