
Microsoft Visual Studio Solution File, Format Version 12.00
# Visual Studio 2012
Project("{2150E333-8FDC-42A3-9474-1A3956D46DE8}") = "Article", "Article", "{B67F44C9-706B-4CE9-A844-7116BEF32FD1}"
	ProjectSection(SolutionItems) = preProject
		Article\DetectOutgoingEncoding.htm = Article\DetectOutgoingEncoding.htm
		Article\DetectOutgoingEncoding1.gif = Article\DetectOutgoingEncoding1.gif
		Article\DetectOutgoingEncoding2.gif = Article\DetectOutgoingEncoding2.gif
	EndProjectSection
EndProject
Project("{FAE04EC0-301F-11D3-BF4B-00C04F79EFBC}") = "EncodingTools", "EncodingTools\EncodingTools.csproj", "{CA19D4DE-B232-491A-92BF-7BF3A2758694}"
EndProject
Project("{FAE04EC0-301F-11D3-BF4B-00C04F79EFBC}") = "EncodingTest", "EncodingTest\EncodingTest.csproj", "{7153D24A-22CC-4045-B021-1C23B9E15A89}"
EndProject
Global
	GlobalSection(SolutionConfigurationPlatforms) = preSolution
		Debug|Any CPU = Debug|Any CPU
		Release|Any CPU = Release|Any CPU
	EndGlobalSection
	GlobalSection(ProjectConfigurationPlatforms) = postSolution
		{CA19D4DE-B232-491A-92BF-7BF3A2758694}.Debug|Any CPU.ActiveCfg = Debug|Any CPU
		{CA19D4DE-B232-491A-92BF-7BF3A2758694}.Debug|Any CPU.Build.0 = Debug|Any CPU
		{CA19D4DE-B232-491A-92BF-7BF3A2758694}.Release|Any CPU.ActiveCfg = Release|Any CPU
		{CA19D4DE-B232-491A-92BF-7BF3A2758694}.Release|Any CPU.Build.0 = Release|Any CPU
		{7153D24A-22CC-4045-B021-1C23B9E15A89}.Debug|Any CPU.ActiveCfg = Debug|Any CPU
		{7153D24A-22CC-4045-B021-1C23B9E15A89}.Debug|Any CPU.Build.0 = Debug|Any CPU
		{7153D24A-22CC-4045-B021-1C23B9E15A89}.Release|Any CPU.ActiveCfg = Release|Any CPU
		{7153D24A-22CC-4045-B021-1C23B9E15A89}.Release|Any CPU.Build.0 = Release|Any CPU
	EndGlobalSection
	GlobalSection(SolutionProperties) = preSolution
		HideSolutionNode = FALSE
	EndGlobalSection
EndGlobal
