
Microsoft Visual Studio Solution File, Format Version 12.00
# Visual Studio 2013
VisualStudioVersion = 12.0.31101.0
MinimumVisualStudioVersion = 10.0.40219.1
Project("{FAE04EC0-301F-11D3-BF4B-00C04F79EFBC}") = "lrp", "lrp\lrp.csproj", "{AA66D3AE-B69A-4FE3-9436-CD7E7D31F86F}"
EndProject
Project("{8BC9CEB8-8B4A-11D0-8D11-00A0C91BC942}") = "Lrp.Core.Cpp", "Lrp.Core.Cpp\Lrp.Core.Cpp.vcxproj", "{7E697586-1F11-4FFA-BDA2-7AC67FB75FCB}"
EndProject
Project("{FAE04EC0-301F-11D3-BF4B-00C04F79EFBC}") = "Lrp.Core.Net", "Lrp.Core.Net\Lrp.Core.Net.csproj", "{1FC8EA20-3665-4E67-82F3-FE4FD3F37758}"
	ProjectSection(ProjectDependencies) = postProject
		{7B92C612-E147-438F-A392-BDD2298F592A} = {7B92C612-E147-438F-A392-BDD2298F592A}
	EndProjectSection
EndProject
Project("{2150E333-8FDC-42A3-9474-1A3956D46DE8}") = "Engine", "Engine", "{C7C656CE-1C5E-400F-9629-875B13D0BD11}"
EndProject
Project("{2150E333-8FDC-42A3-9474-1A3956D46DE8}") = "Examples", "Examples", "{619A0797-ABAD-4A1C-A920-54C4155D1DE4}"
EndProject
Project("{FAE04EC0-301F-11D3-BF4B-00C04F79EFBC}") = "LocalCSharpClient", "LocalCSharpClient\LocalCSharpClient.csproj", "{3FA391AF-B1A1-4CF2-90C4-AC899C58E47B}"
	ProjectSection(ProjectDependencies) = postProject
		{AA66D3AE-B69A-4FE3-9436-CD7E7D31F86F} = {AA66D3AE-B69A-4FE3-9436-CD7E7D31F86F}
	EndProjectSection
EndProject
Project("{8BC9CEB8-8B4A-11D0-8D11-00A0C91BC942}") = "LocalCppServer", "LocalCppServer\LocalCppServer.vcxproj", "{03EF69E1-C34F-4F71-8C60-8808F42FA324}"
	ProjectSection(ProjectDependencies) = postProject
		{AA66D3AE-B69A-4FE3-9436-CD7E7D31F86F} = {AA66D3AE-B69A-4FE3-9436-CD7E7D31F86F}
	EndProjectSection
EndProject
Project("{8BC9CEB8-8B4A-11D0-8D11-00A0C91BC942}") = "RemoteCppServer", "RemoteCppServer\RemoteCppServer.vcxproj", "{2E70357A-79A7-4B3C-9871-6C77ABB924AE}"
	ProjectSection(ProjectDependencies) = postProject
		{AA66D3AE-B69A-4FE3-9436-CD7E7D31F86F} = {AA66D3AE-B69A-4FE3-9436-CD7E7D31F86F}
	EndProjectSection
EndProject
Project("{FAE04EC0-301F-11D3-BF4B-00C04F79EFBC}") = "RemoteCSharpClient", "RemoteCSharpClient\RemoteCSharpClient.csproj", "{37420A70-FCE2-41E7-A99A-D21A83E5A31E}"
	ProjectSection(ProjectDependencies) = postProject
		{AA66D3AE-B69A-4FE3-9436-CD7E7D31F86F} = {AA66D3AE-B69A-4FE3-9436-CD7E7D31F86F}
	EndProjectSection
EndProject
Project("{8BC9CEB8-8B4A-11D0-8D11-00A0C91BC942}") = "RemoteCppClient", "RemoteCppClient\RemoteCppClient.vcxproj", "{81B85002-6F5C-4157-AD5B-3F4D2B5B04F4}"
	ProjectSection(ProjectDependencies) = postProject
		{AA66D3AE-B69A-4FE3-9436-CD7E7D31F86F} = {AA66D3AE-B69A-4FE3-9436-CD7E7D31F86F}
	EndProjectSection
EndProject
Project("{2150E333-8FDC-42A3-9474-1A3956D46DE8}") = "Tests", "Tests", "{C2E884AE-5B26-4D67-956D-B5A658ADDE41}"
EndProject
Project("{FAE04EC0-301F-11D3-BF4B-00C04F79EFBC}") = "CmdNet", "CmdNet\CmdNet.csproj", "{8E802A38-8D57-4DF0-B3CA-E4F38F84DBAD}"
EndProject
Project("{FAE04EC0-301F-11D3-BF4B-00C04F79EFBC}") = "Lrp.Core.Net.Units", "Lrp.Core.Net.Units\Lrp.Core.Net.Units.csproj", "{66C04B44-1FBA-4DA9-87DA-18E2089059C0}"
EndProject
Project("{8BC9CEB8-8B4A-11D0-8D11-00A0C91BC942}") = "Console", "Console\Console.vcxproj", "{F90A7418-463A-41D3-982D-B7B9F5A382E5}"
EndProject
Project("{8BC9CEB8-8B4A-11D0-8D11-00A0C91BC942}") = "LrpHost", "LrpHost\LrpHost.vcxproj", "{7B92C612-E147-438F-A392-BDD2298F592A}"
EndProject
Project("{FAE04EC0-301F-11D3-BF4B-00C04F79EFBC}") = "LocalCSharpServer", "LocalCSharpServer\LocalCSharpServer.csproj", "{ECD06E76-3957-4042-B21A-A3FA82E16C85}"
	ProjectSection(ProjectDependencies) = postProject
		{AA66D3AE-B69A-4FE3-9436-CD7E7D31F86F} = {AA66D3AE-B69A-4FE3-9436-CD7E7D31F86F}
	EndProjectSection
EndProject
Project("{8BC9CEB8-8B4A-11D0-8D11-00A0C91BC942}") = "LocalCppClient", "LocalCppClient\LocalCppClient.vcxproj", "{7572C9A5-57FC-4F42-B3F6-295E2719EBDB}"
	ProjectSection(ProjectDependencies) = postProject
		{AA66D3AE-B69A-4FE3-9436-CD7E7D31F86F} = {AA66D3AE-B69A-4FE3-9436-CD7E7D31F86F}
	EndProjectSection
EndProject
Global
	GlobalSection(SubversionScc) = preSolution
		Svn-Managed = True
		Manager = AnkhSVN - Subversion Support for Visual Studio
	EndGlobalSection
	GlobalSection(SolutionConfigurationPlatforms) = preSolution
		Debug|x64 = Debug|x64
		Debug|x86 = Debug|x86
		Release|x64 = Release|x64
		Release|x86 = Release|x86
	EndGlobalSection
	GlobalSection(ProjectConfigurationPlatforms) = postSolution
		{AA66D3AE-B69A-4FE3-9436-CD7E7D31F86F}.Debug|x64.ActiveCfg = Debug|Any CPU
		{AA66D3AE-B69A-4FE3-9436-CD7E7D31F86F}.Debug|x64.Build.0 = Debug|Any CPU
		{AA66D3AE-B69A-4FE3-9436-CD7E7D31F86F}.Debug|x86.ActiveCfg = Debug|Any CPU
		{AA66D3AE-B69A-4FE3-9436-CD7E7D31F86F}.Debug|x86.Build.0 = Debug|Any CPU
		{AA66D3AE-B69A-4FE3-9436-CD7E7D31F86F}.Release|x64.ActiveCfg = Release|Any CPU
		{AA66D3AE-B69A-4FE3-9436-CD7E7D31F86F}.Release|x64.Build.0 = Release|Any CPU
		{AA66D3AE-B69A-4FE3-9436-CD7E7D31F86F}.Release|x86.ActiveCfg = Release|Any CPU
		{AA66D3AE-B69A-4FE3-9436-CD7E7D31F86F}.Release|x86.Build.0 = Release|Any CPU
		{7E697586-1F11-4FFA-BDA2-7AC67FB75FCB}.Debug|x64.ActiveCfg = Debug|x64
		{7E697586-1F11-4FFA-BDA2-7AC67FB75FCB}.Debug|x64.Build.0 = Debug|x64
		{7E697586-1F11-4FFA-BDA2-7AC67FB75FCB}.Debug|x86.ActiveCfg = Debug|Win32
		{7E697586-1F11-4FFA-BDA2-7AC67FB75FCB}.Debug|x86.Build.0 = Debug|Win32
		{7E697586-1F11-4FFA-BDA2-7AC67FB75FCB}.Release|x64.ActiveCfg = Release|x64
		{7E697586-1F11-4FFA-BDA2-7AC67FB75FCB}.Release|x64.Build.0 = Release|x64
		{7E697586-1F11-4FFA-BDA2-7AC67FB75FCB}.Release|x86.ActiveCfg = Release|Win32
		{7E697586-1F11-4FFA-BDA2-7AC67FB75FCB}.Release|x86.Build.0 = Release|Win32
		{1FC8EA20-3665-4E67-82F3-FE4FD3F37758}.Debug|x64.ActiveCfg = Debug|Any CPU
		{1FC8EA20-3665-4E67-82F3-FE4FD3F37758}.Debug|x64.Build.0 = Debug|Any CPU
		{1FC8EA20-3665-4E67-82F3-FE4FD3F37758}.Debug|x86.ActiveCfg = Debug|Any CPU
		{1FC8EA20-3665-4E67-82F3-FE4FD3F37758}.Debug|x86.Build.0 = Debug|Any CPU
		{1FC8EA20-3665-4E67-82F3-FE4FD3F37758}.Release|x64.ActiveCfg = Release|Any CPU
		{1FC8EA20-3665-4E67-82F3-FE4FD3F37758}.Release|x64.Build.0 = Release|Any CPU
		{1FC8EA20-3665-4E67-82F3-FE4FD3F37758}.Release|x86.ActiveCfg = Release|Any CPU
		{1FC8EA20-3665-4E67-82F3-FE4FD3F37758}.Release|x86.Build.0 = Release|Any CPU
		{3FA391AF-B1A1-4CF2-90C4-AC899C58E47B}.Debug|x64.ActiveCfg = Debug|x86
		{3FA391AF-B1A1-4CF2-90C4-AC899C58E47B}.Debug|x64.Build.0 = Debug|x86
		{3FA391AF-B1A1-4CF2-90C4-AC899C58E47B}.Debug|x86.ActiveCfg = Debug|x86
		{3FA391AF-B1A1-4CF2-90C4-AC899C58E47B}.Debug|x86.Build.0 = Debug|x86
		{3FA391AF-B1A1-4CF2-90C4-AC899C58E47B}.Release|x64.ActiveCfg = Release|x86
		{3FA391AF-B1A1-4CF2-90C4-AC899C58E47B}.Release|x86.ActiveCfg = Release|x86
		{03EF69E1-C34F-4F71-8C60-8808F42FA324}.Debug|x64.ActiveCfg = Debug|x64
		{03EF69E1-C34F-4F71-8C60-8808F42FA324}.Debug|x86.ActiveCfg = Debug|Win32
		{03EF69E1-C34F-4F71-8C60-8808F42FA324}.Debug|x86.Build.0 = Debug|Win32
		{03EF69E1-C34F-4F71-8C60-8808F42FA324}.Release|x64.ActiveCfg = Release|Win32
		{03EF69E1-C34F-4F71-8C60-8808F42FA324}.Release|x86.ActiveCfg = Release|Win32
		{2E70357A-79A7-4B3C-9871-6C77ABB924AE}.Debug|x64.ActiveCfg = Debug|x64
		{2E70357A-79A7-4B3C-9871-6C77ABB924AE}.Debug|x86.ActiveCfg = Debug|Win32
		{2E70357A-79A7-4B3C-9871-6C77ABB924AE}.Debug|x86.Build.0 = Debug|Win32
		{2E70357A-79A7-4B3C-9871-6C77ABB924AE}.Release|x64.ActiveCfg = Release|Win32
		{2E70357A-79A7-4B3C-9871-6C77ABB924AE}.Release|x86.ActiveCfg = Release|Win32
		{37420A70-FCE2-41E7-A99A-D21A83E5A31E}.Debug|x64.ActiveCfg = Debug|x86
		{37420A70-FCE2-41E7-A99A-D21A83E5A31E}.Debug|x64.Build.0 = Debug|x86
		{37420A70-FCE2-41E7-A99A-D21A83E5A31E}.Debug|x86.ActiveCfg = Debug|x86
		{37420A70-FCE2-41E7-A99A-D21A83E5A31E}.Release|x64.ActiveCfg = Release|x86
		{37420A70-FCE2-41E7-A99A-D21A83E5A31E}.Release|x86.ActiveCfg = Release|x86
		{81B85002-6F5C-4157-AD5B-3F4D2B5B04F4}.Debug|x64.ActiveCfg = Debug|x64
		{81B85002-6F5C-4157-AD5B-3F4D2B5B04F4}.Debug|x86.ActiveCfg = Debug|Win32
		{81B85002-6F5C-4157-AD5B-3F4D2B5B04F4}.Debug|x86.Build.0 = Debug|Win32
		{81B85002-6F5C-4157-AD5B-3F4D2B5B04F4}.Release|x64.ActiveCfg = Release|Win32
		{81B85002-6F5C-4157-AD5B-3F4D2B5B04F4}.Release|x86.ActiveCfg = Release|Win32
		{8E802A38-8D57-4DF0-B3CA-E4F38F84DBAD}.Debug|x64.ActiveCfg = Debug|x86
		{8E802A38-8D57-4DF0-B3CA-E4F38F84DBAD}.Debug|x64.Build.0 = Debug|x86
		{8E802A38-8D57-4DF0-B3CA-E4F38F84DBAD}.Debug|x86.ActiveCfg = Debug|x64
		{8E802A38-8D57-4DF0-B3CA-E4F38F84DBAD}.Release|x64.ActiveCfg = Release|x64
		{8E802A38-8D57-4DF0-B3CA-E4F38F84DBAD}.Release|x86.ActiveCfg = Release|x86
		{66C04B44-1FBA-4DA9-87DA-18E2089059C0}.Debug|x64.ActiveCfg = Debug|Any CPU
		{66C04B44-1FBA-4DA9-87DA-18E2089059C0}.Debug|x86.ActiveCfg = Debug|Any CPU
		{66C04B44-1FBA-4DA9-87DA-18E2089059C0}.Debug|x86.Build.0 = Debug|Any CPU
		{66C04B44-1FBA-4DA9-87DA-18E2089059C0}.Release|x64.ActiveCfg = Release|Any CPU
		{66C04B44-1FBA-4DA9-87DA-18E2089059C0}.Release|x86.ActiveCfg = Release|Any CPU
		{F90A7418-463A-41D3-982D-B7B9F5A382E5}.Debug|x64.ActiveCfg = Debug|x64
		{F90A7418-463A-41D3-982D-B7B9F5A382E5}.Debug|x64.Build.0 = Debug|x64
		{F90A7418-463A-41D3-982D-B7B9F5A382E5}.Debug|x86.ActiveCfg = Debug|Win32
		{F90A7418-463A-41D3-982D-B7B9F5A382E5}.Debug|x86.Build.0 = Debug|Win32
		{F90A7418-463A-41D3-982D-B7B9F5A382E5}.Release|x64.ActiveCfg = Release|x64
		{F90A7418-463A-41D3-982D-B7B9F5A382E5}.Release|x86.ActiveCfg = Release|Win32
		{7B92C612-E147-438F-A392-BDD2298F592A}.Debug|x64.ActiveCfg = Debug|x64
		{7B92C612-E147-438F-A392-BDD2298F592A}.Debug|x86.ActiveCfg = Debug|Win32
		{7B92C612-E147-438F-A392-BDD2298F592A}.Release|x64.ActiveCfg = Release|x64
		{7B92C612-E147-438F-A392-BDD2298F592A}.Release|x64.Build.0 = Release|x64
		{7B92C612-E147-438F-A392-BDD2298F592A}.Release|x86.ActiveCfg = Release|Win32
		{7B92C612-E147-438F-A392-BDD2298F592A}.Release|x86.Build.0 = Release|Win32
		{ECD06E76-3957-4042-B21A-A3FA82E16C85}.Debug|x64.ActiveCfg = Debug|Any CPU
		{ECD06E76-3957-4042-B21A-A3FA82E16C85}.Debug|x64.Build.0 = Debug|Any CPU
		{ECD06E76-3957-4042-B21A-A3FA82E16C85}.Debug|x86.ActiveCfg = Debug|Any CPU
		{ECD06E76-3957-4042-B21A-A3FA82E16C85}.Debug|x86.Build.0 = Debug|Any CPU
		{ECD06E76-3957-4042-B21A-A3FA82E16C85}.Release|x64.ActiveCfg = Release|Any CPU
		{ECD06E76-3957-4042-B21A-A3FA82E16C85}.Release|x86.ActiveCfg = Release|Any CPU
		{7572C9A5-57FC-4F42-B3F6-295E2719EBDB}.Debug|x64.ActiveCfg = Debug|Win32
		{7572C9A5-57FC-4F42-B3F6-295E2719EBDB}.Debug|x86.ActiveCfg = Debug|Win32
		{7572C9A5-57FC-4F42-B3F6-295E2719EBDB}.Release|x64.ActiveCfg = Release|Win32
		{7572C9A5-57FC-4F42-B3F6-295E2719EBDB}.Release|x86.ActiveCfg = Release|Win32
	EndGlobalSection
	GlobalSection(SolutionProperties) = preSolution
		HideSolutionNode = FALSE
	EndGlobalSection
	GlobalSection(NestedProjects) = preSolution
		{AA66D3AE-B69A-4FE3-9436-CD7E7D31F86F} = {C7C656CE-1C5E-400F-9629-875B13D0BD11}
		{7E697586-1F11-4FFA-BDA2-7AC67FB75FCB} = {C7C656CE-1C5E-400F-9629-875B13D0BD11}
		{1FC8EA20-3665-4E67-82F3-FE4FD3F37758} = {C7C656CE-1C5E-400F-9629-875B13D0BD11}
		{3FA391AF-B1A1-4CF2-90C4-AC899C58E47B} = {619A0797-ABAD-4A1C-A920-54C4155D1DE4}
		{03EF69E1-C34F-4F71-8C60-8808F42FA324} = {619A0797-ABAD-4A1C-A920-54C4155D1DE4}
		{2E70357A-79A7-4B3C-9871-6C77ABB924AE} = {619A0797-ABAD-4A1C-A920-54C4155D1DE4}
		{37420A70-FCE2-41E7-A99A-D21A83E5A31E} = {619A0797-ABAD-4A1C-A920-54C4155D1DE4}
		{81B85002-6F5C-4157-AD5B-3F4D2B5B04F4} = {619A0797-ABAD-4A1C-A920-54C4155D1DE4}
		{8E802A38-8D57-4DF0-B3CA-E4F38F84DBAD} = {C2E884AE-5B26-4D67-956D-B5A658ADDE41}
		{66C04B44-1FBA-4DA9-87DA-18E2089059C0} = {C2E884AE-5B26-4D67-956D-B5A658ADDE41}
		{F90A7418-463A-41D3-982D-B7B9F5A382E5} = {C2E884AE-5B26-4D67-956D-B5A658ADDE41}
		{7B92C612-E147-438F-A392-BDD2298F592A} = {C7C656CE-1C5E-400F-9629-875B13D0BD11}
		{ECD06E76-3957-4042-B21A-A3FA82E16C85} = {619A0797-ABAD-4A1C-A920-54C4155D1DE4}
		{7572C9A5-57FC-4F42-B3F6-295E2719EBDB} = {619A0797-ABAD-4A1C-A920-54C4155D1DE4}
	EndGlobalSection
EndGlobal
