
Microsoft Visual Studio Solution File, Format Version 12.00
# Visual Studio 14
VisualStudioVersion = 14.0.22823.1
MinimumVisualStudioVersion = 10.0.40219.1
Project("{FAE04EC0-301F-11D3-BF4B-00C04F79EFBC}") = "Mql2Fdk", "Mql2Fdk\Mql2Fdk.csproj", "{BFA54886-6E55-4575-9190-6F4F484DD411}"
EndProject
Project("{FAE04EC0-301F-11D3-BF4B-00C04F79EFBC}") = "Mql2Fdk.Example", "Mql2Fdk.Example\Mql2Fdk.Example.csproj", "{559B977E-ECE2-44AC-951A-3D3161FA6AB5}"
EndProject
Project("{2150E333-8FDC-42A3-9474-1A3956D46DE8}") = "1. Core", "1. Core", "{41973C35-05E0-4E87-A4D1-4F6E164E2E09}"
EndProject
Project("{2150E333-8FDC-42A3-9474-1A3956D46DE8}") = "5. Translator UI", "5. Translator UI", "{B6F651F3-50FC-41CF-AD27-DE211200B17A}"
EndProject
Project("{2150E333-8FDC-42A3-9474-1A3956D46DE8}") = "4. Translator", "4. Translator", "{C6AB3986-132C-41A1-944A-CD9A8074773F}"
EndProject
Project("{FAE04EC0-301F-11D3-BF4B-00C04F79EFBC}") = "Mql2Fdk.Converter", "Mql2Fdk.Converter\Mql2Fdk.Converter.csproj", "{D61A9994-9EF2-459F-B609-B1046EF50DD0}"
EndProject
Project("{FAE04EC0-301F-11D3-BF4B-00C04F79EFBC}") = "Mql2Fdk.CommonViews", "Mql2Fdk.CommonViews\Mql2Fdk.CommonViews.csproj", "{4491EAD3-4C10-41CE-8281-A276F3CCD6E7}"
EndProject
Project("{FAE04EC0-301F-11D3-BF4B-00C04F79EFBC}") = "Mql2Fdk.SharedLogic", "Mql2Fdk.SharedLogic\Mql2Fdk.SharedLogic.csproj", "{61F9F553-260A-47FD-8B35-51A346FDC67F}"
EndProject
Project("{FAE04EC0-301F-11D3-BF4B-00C04F79EFBC}") = "Mql2Fdk.Translator", "Mql2Fdk.Translator\Mql2Fdk.Translator.csproj", "{CD86548D-97BA-4757-9C09-864D8EA9EF5F}"
EndProject
Project("{FAE04EC0-301F-11D3-BF4B-00C04F79EFBC}") = "Mql2Fdk.EncodingTools", "Mql2Fdk.EncodingTools\Mql2Fdk.EncodingTools.csproj", "{CA19D4DE-B232-491A-92BF-7BF3A2758694}"
EndProject
Project("{FAE04EC0-301F-11D3-BF4B-00C04F79EFBC}") = "Mql2Fdk.Launcher", "Mql2Fdk.Launcher\Mql2Fdk.Launcher.csproj", "{30EED1C7-80F8-49B4-AF2A-CCF787EFFB61}"
EndProject
Project("{2150E333-8FDC-42A3-9474-1A3956D46DE8}") = "2. Core UI", "2. Core UI", "{2ABDCE7D-9A1B-4FE4-93B4-3F2848B3C581}"
EndProject
Project("{2150E333-8FDC-42A3-9474-1A3956D46DE8}") = "3. Core Examples", "3. Core Examples", "{C3AE8ECE-B721-45D8-BDEA-3BF57DFFFEAB}"
EndProject
Project("{FAE04EC0-301F-11D3-BF4B-00C04F79EFBC}") = "Mql2Fdk.Strategies", "Mql2Fdk.Strategies\Mql2Fdk.Strategies.csproj", "{88D7A768-DCE7-4141-93C5-CCD27617D70A}"
EndProject
Global
	GlobalSection(SubversionScc) = preSolution
		Svn-Managed = True
		Manager = AnkhSVN - Subversion Support for Visual Studio
	EndGlobalSection
	GlobalSection(SolutionConfigurationPlatforms) = preSolution
		Debug|Any CPU = Debug|Any CPU
		Release|Any CPU = Release|Any CPU
	EndGlobalSection
	GlobalSection(ProjectConfigurationPlatforms) = postSolution
		{BFA54886-6E55-4575-9190-6F4F484DD411}.Debug|Any CPU.ActiveCfg = Debug|Any CPU
		{BFA54886-6E55-4575-9190-6F4F484DD411}.Debug|Any CPU.Build.0 = Debug|Any CPU
		{BFA54886-6E55-4575-9190-6F4F484DD411}.Release|Any CPU.ActiveCfg = Release|Any CPU
		{BFA54886-6E55-4575-9190-6F4F484DD411}.Release|Any CPU.Build.0 = Release|Any CPU
		{559B977E-ECE2-44AC-951A-3D3161FA6AB5}.Debug|Any CPU.ActiveCfg = Debug|Any CPU
		{559B977E-ECE2-44AC-951A-3D3161FA6AB5}.Debug|Any CPU.Build.0 = Debug|Any CPU
		{559B977E-ECE2-44AC-951A-3D3161FA6AB5}.Release|Any CPU.ActiveCfg = Release|Any CPU
		{559B977E-ECE2-44AC-951A-3D3161FA6AB5}.Release|Any CPU.Build.0 = Release|Any CPU
		{D61A9994-9EF2-459F-B609-B1046EF50DD0}.Debug|Any CPU.ActiveCfg = Debug|Any CPU
		{D61A9994-9EF2-459F-B609-B1046EF50DD0}.Debug|Any CPU.Build.0 = Debug|Any CPU
		{D61A9994-9EF2-459F-B609-B1046EF50DD0}.Release|Any CPU.ActiveCfg = Release|Any CPU
		{D61A9994-9EF2-459F-B609-B1046EF50DD0}.Release|Any CPU.Build.0 = Release|Any CPU
		{4491EAD3-4C10-41CE-8281-A276F3CCD6E7}.Debug|Any CPU.ActiveCfg = Debug|Any CPU
		{4491EAD3-4C10-41CE-8281-A276F3CCD6E7}.Debug|Any CPU.Build.0 = Debug|Any CPU
		{4491EAD3-4C10-41CE-8281-A276F3CCD6E7}.Release|Any CPU.ActiveCfg = Release|Any CPU
		{4491EAD3-4C10-41CE-8281-A276F3CCD6E7}.Release|Any CPU.Build.0 = Release|Any CPU
		{61F9F553-260A-47FD-8B35-51A346FDC67F}.Debug|Any CPU.ActiveCfg = Debug|Any CPU
		{61F9F553-260A-47FD-8B35-51A346FDC67F}.Debug|Any CPU.Build.0 = Debug|Any CPU
		{61F9F553-260A-47FD-8B35-51A346FDC67F}.Release|Any CPU.ActiveCfg = Release|Any CPU
		{61F9F553-260A-47FD-8B35-51A346FDC67F}.Release|Any CPU.Build.0 = Release|Any CPU
		{CD86548D-97BA-4757-9C09-864D8EA9EF5F}.Debug|Any CPU.ActiveCfg = Debug|Any CPU
		{CD86548D-97BA-4757-9C09-864D8EA9EF5F}.Debug|Any CPU.Build.0 = Debug|Any CPU
		{CD86548D-97BA-4757-9C09-864D8EA9EF5F}.Release|Any CPU.ActiveCfg = Release|Any CPU
		{CD86548D-97BA-4757-9C09-864D8EA9EF5F}.Release|Any CPU.Build.0 = Release|Any CPU
		{CA19D4DE-B232-491A-92BF-7BF3A2758694}.Debug|Any CPU.ActiveCfg = Debug|Any CPU
		{CA19D4DE-B232-491A-92BF-7BF3A2758694}.Debug|Any CPU.Build.0 = Debug|Any CPU
		{CA19D4DE-B232-491A-92BF-7BF3A2758694}.Release|Any CPU.ActiveCfg = Release|Any CPU
		{CA19D4DE-B232-491A-92BF-7BF3A2758694}.Release|Any CPU.Build.0 = Release|Any CPU
		{30EED1C7-80F8-49B4-AF2A-CCF787EFFB61}.Debug|Any CPU.ActiveCfg = Debug|Any CPU
		{30EED1C7-80F8-49B4-AF2A-CCF787EFFB61}.Debug|Any CPU.Build.0 = Debug|Any CPU
		{30EED1C7-80F8-49B4-AF2A-CCF787EFFB61}.Release|Any CPU.ActiveCfg = Release|Any CPU
		{30EED1C7-80F8-49B4-AF2A-CCF787EFFB61}.Release|Any CPU.Build.0 = Release|Any CPU
		{88D7A768-DCE7-4141-93C5-CCD27617D70A}.Debug|Any CPU.ActiveCfg = Debug|Any CPU
		{88D7A768-DCE7-4141-93C5-CCD27617D70A}.Debug|Any CPU.Build.0 = Debug|Any CPU
		{88D7A768-DCE7-4141-93C5-CCD27617D70A}.Release|Any CPU.ActiveCfg = Release|Any CPU
		{88D7A768-DCE7-4141-93C5-CCD27617D70A}.Release|Any CPU.Build.0 = Release|Any CPU
	EndGlobalSection
	GlobalSection(SolutionProperties) = preSolution
		HideSolutionNode = FALSE
	EndGlobalSection
	GlobalSection(NestedProjects) = preSolution
		{BFA54886-6E55-4575-9190-6F4F484DD411} = {41973C35-05E0-4E87-A4D1-4F6E164E2E09}
		{559B977E-ECE2-44AC-951A-3D3161FA6AB5} = {C3AE8ECE-B721-45D8-BDEA-3BF57DFFFEAB}
		{D61A9994-9EF2-459F-B609-B1046EF50DD0} = {B6F651F3-50FC-41CF-AD27-DE211200B17A}
		{4491EAD3-4C10-41CE-8281-A276F3CCD6E7} = {B6F651F3-50FC-41CF-AD27-DE211200B17A}
		{61F9F553-260A-47FD-8B35-51A346FDC67F} = {C6AB3986-132C-41A1-944A-CD9A8074773F}
		{CD86548D-97BA-4757-9C09-864D8EA9EF5F} = {C6AB3986-132C-41A1-944A-CD9A8074773F}
		{CA19D4DE-B232-491A-92BF-7BF3A2758694} = {C6AB3986-132C-41A1-944A-CD9A8074773F}
		{30EED1C7-80F8-49B4-AF2A-CCF787EFFB61} = {2ABDCE7D-9A1B-4FE4-93B4-3F2848B3C581}
		{88D7A768-DCE7-4141-93C5-CCD27617D70A} = {C3AE8ECE-B721-45D8-BDEA-3BF57DFFFEAB}
	EndGlobalSection
EndGlobal
