
Microsoft Visual Studio Solution File, Format Version 12.00
# Visual Studio 14
VisualStudioVersion = 14.0.23107.0
MinimumVisualStudioVersion = 10.0.40219.1
Project("{8BC9CEB8-8B4A-11D0-8D11-00A0C91BC942}") = "Core", "Core\Core.vcxproj", "{8B29A897-6528-4D86-BF8B-4E19328F3174}"
EndProject
Project("{2150E333-8FDC-42A3-9474-1A3956D46DE8}") = "1. Low Level", "1. Low Level", "{35BC04A2-980C-449A-BAE3-5C4111F6F757}"
EndProject
Project("{8BC9CEB8-8B4A-11D0-8D11-00A0C91BC942}") = "QuickFix", "QuickFix\QuickFix.vcxproj", "{855BD9F0-BC08-4E8A-A2C1-2EA082C230D7}"
EndProject
Project("{2150E333-8FDC-42A3-9474-1A3956D46DE8}") = "3. Middle Level", "3. Middle Level", "{BA0CDE49-4EFA-484D-87A4-D2F2CDF2761D}"
EndProject
Project("{8BC9CEB8-8B4A-11D0-8D11-00A0C91BC942}") = "LlApi", "LlApi\LlApi.vcxproj", "{2AEC504A-E6B6-4B0E-B294-5CA04664E046}"
EndProject
Project("{2150E333-8FDC-42A3-9474-1A3956D46DE8}") = "5. Tests", "5. Tests", "{A5730612-4948-4490-AB30-F225C803B2BE}"
EndProject
Project("{2150E333-8FDC-42A3-9474-1A3956D46DE8}") = "Installs", "Installs", "{A56661B0-DFB6-4F8B-A6DC-837E1CC2818C}"
EndProject
Project("{930C7802-8A8C-48F9-8165-68863BCCD9DD}") = "FDK", "FDK\FDK.wixproj", "{3C7D9181-5CC6-4880-B28E-9FC06590633C}"
	ProjectSection(ProjectDependencies) = postProject
		{66D3223D-A5C7-476B-A55E-531F35CB3B49} = {66D3223D-A5C7-476B-A55E-531F35CB3B49}
		{D15BBA76-552E-4C6D-AE64-FD6F30CCF770} = {D15BBA76-552E-4C6D-AE64-FD6F30CCF770}
		{0486509B-FE6E-411B-919D-76BB270BC613} = {0486509B-FE6E-411B-919D-76BB270BC613}
		{74B40AB0-6301-4F8E-A177-D0F599D13473} = {74B40AB0-6301-4F8E-A177-D0F599D13473}
		{1BDCB9E5-646D-4D6B-93FD-9F15DBA8BCD9} = {1BDCB9E5-646D-4D6B-93FD-9F15DBA8BCD9}
	EndProjectSection
EndProject
Project("{FAE04EC0-301F-11D3-BF4B-00C04F79EFBC}") = "SoftFX.Extended.Net", "SoftFX.Extended.Net\SoftFX.Extended.Net.csproj", "{D15BBA76-552E-4C6D-AE64-FD6F30CCF770}"
	ProjectSection(ProjectDependencies) = postProject
		{B240E01F-EF53-4088-9782-42E2D412D363} = {B240E01F-EF53-4088-9782-42E2D412D363}
		{2AEC504A-E6B6-4B0E-B294-5CA04664E046} = {2AEC504A-E6B6-4B0E-B294-5CA04664E046}
		{8B29A897-6528-4D86-BF8B-4E19328F3174} = {8B29A897-6528-4D86-BF8B-4E19328F3174}
		{4E42E097-EC94-44EB-A93A-CA58783E4B85} = {4E42E097-EC94-44EB-A93A-CA58783E4B85}
		{A346539F-C30B-45AF-8827-E0EDA749C5EE} = {A346539F-C30B-45AF-8827-E0EDA749C5EE}
	EndProjectSection
EndProject
Project("{FAE04EC0-301F-11D3-BF4B-00C04F79EFBC}") = "SoftFX.Net", "SoftFX.Net\SoftFX.Net.csproj", "{F876FB15-BE34-4337-903F-E1A1666C2260}"
EndProject
Project("{8BC9CEB8-8B4A-11D0-8D11-00A0C91BC942}") = "FixProvider", "FixProvider\FixProvider.vcxproj", "{A346539F-C30B-45AF-8827-E0EDA749C5EE}"
EndProject
Project("{8BC9CEB8-8B4A-11D0-8D11-00A0C91BC942}") = "Visualizer", "Visualizer\Visualizer.vcxproj", "{A1FAA283-912C-4DB5-B7D2-C1F61C8EC3A3}"
EndProject
Project("{2150E333-8FDC-42A3-9474-1A3956D46DE8}") = "Solution Items", "Solution Items", "{AAFA67C2-6279-42E7-8BCF-059CEE329C3A}"
	ProjectSection(SolutionItems) = preProject
		FDK.xml = FDK.xml
		LlCommon.xml = LlCommon.xml
		LocalCpp.xml = LocalCpp.xml
		LocalCSharp.xml = LocalCSharp.xml
	EndProjectSection
EndProject
Project("{2150E333-8FDC-42A3-9474-1A3956D46DE8}") = "4. High Level", "4. High Level", "{667D2258-B3CB-4578-9EF3-48F74C69F897}"
EndProject
Project("{8BC9CEB8-8B4A-11D0-8D11-00A0C91BC942}") = "Sal", "Sal\Sal.vcxproj", "{4E42E097-EC94-44EB-A93A-CA58783E4B85}"
EndProject
Project("{FAE04EC0-301F-11D3-BF4B-00C04F79EFBC}") = "Codec.Console", "Codec.Console\Codec.Console.csproj", "{B4BB3810-A763-4420-ADDD-4C10C5A848BA}"
EndProject
Project("{8BC9CEB8-8B4A-11D0-8D11-00A0C91BC942}") = "Console", "Console\Console.vcxproj", "{EB0C2BE3-9F4B-4C27-BEAA-737187AD4B8E}"
EndProject
Project("{8BC9CEB8-8B4A-11D0-8D11-00A0C91BC942}") = "AggrProvider", "AggrProvider\AggrProvider.vcxproj", "{6AA3467F-6C08-4E05-802E-3225D9027DBC}"
EndProject
Project("{FAE04EC0-301F-11D3-BF4B-00C04F79EFBC}") = "SoftFX.Internal.Net", "SoftFX.Internal.Net\SoftFX.Internal.Net.csproj", "{C7DB3847-921F-43F4-AE27-D9B5839CF112}"
EndProject
Project("{8BC9CEB8-8B4A-11D0-8D11-00A0C91BC942}") = "LrpProvider", "LrpProvider\LrpProvider.vcxproj", "{B240E01F-EF53-4088-9782-42E2D412D363}"
EndProject
Project("{2150E333-8FDC-42A3-9474-1A3956D46DE8}") = "2. Low Level Providers", "2. Low Level Providers", "{7E776DE9-7AE8-4F35-96D6-42CDAD1836DF}"
EndProject
Project("{2150E333-8FDC-42A3-9474-1A3956D46DE8}") = "FIX", "FIX", "{C7C4D7DD-7849-40E1-80E9-094EEEB2456D}"
EndProject
Project("{2150E333-8FDC-42A3-9474-1A3956D46DE8}") = "LRP", "LRP", "{621F808B-B6D6-4024-A473-149ED9314F4F}"
EndProject
Project("{2150E333-8FDC-42A3-9474-1A3956D46DE8}") = "AGGR", "AGGR", "{64BD70FF-541F-47E9-AA89-C4A46B64B1E0}"
EndProject
Project("{8BC9CEB8-8B4A-11D0-8D11-00A0C91BC942}") = "LrpServer", "LrpServer\LrpServer.vcxproj", "{AED27751-725E-45EE-BC75-B31CA602ECB4}"
EndProject
Project("{8BC9CEB8-8B4A-11D0-8D11-00A0C91BC942}") = "LrpCommon", "LrpCommon\LrpCommon.vcxproj", "{FFEC3EA6-1FEE-4E10-8395-22C0CF9CA604}"
EndProject
Project("{FAE04EC0-301F-11D3-BF4B-00C04F79EFBC}") = "LrpServer.Net", "LrpServer.Net\LrpServer.Net.csproj", "{C184E33C-85C8-4214-AD22-10C40ABA0212}"
EndProject
Project("{8BC9CEB8-8B4A-11D0-8D11-00A0C91BC942}") = "LlCommon", "LlCommon\LlCommon.vcxproj", "{819EF2CA-E990-4879-B37C-F44E7AA58F22}"
EndProject
Project("{FAE04EC0-301F-11D3-BF4B-00C04F79EFBC}") = "SoftFX.Extended.Net.Tests", "SoftFX.Extended.Net.Tests\SoftFX.Extended.Net.Tests.csproj", "{80CFC81B-6D8F-49BC-9DCB-16DA7E3136A1}"
EndProject
Project("{FAE04EC0-301F-11D3-BF4B-00C04F79EFBC}") = "SoftFX.Extended.Net.Functional.Tests", "SoftFX.Extended.Net.Functional.Tests\SoftFX.Extended.Net.Functional.Tests.csproj", "{0F05B623-6D7F-4D93-97BF-D0BFB385743A}"
EndProject
Project("{2150E333-8FDC-42A3-9474-1A3956D46DE8}") = "6. Examples", "6. Examples", "{2542740B-6067-4A23-A24C-FEAA175B2177}"
EndProject
Project("{2150E333-8FDC-42A3-9474-1A3956D46DE8}") = "Cpp", "Cpp", "{16AFCAB0-C0DB-4216-AF91-4824BE01EC00}"
EndProject
Project("{2150E333-8FDC-42A3-9474-1A3956D46DE8}") = "CSharp", "CSharp", "{E0918FD6-28F3-432A-87FA-8C5A38210F35}"
EndProject
Project("{8BC9CEB8-8B4A-11D0-8D11-00A0C91BC942}") = "FinancialExample", "..\Examples\Cpp\FinancialExample\FinancialExample.vcxproj", "{74B40AB0-6301-4F8E-A177-D0F599D13473}"
	ProjectSection(ProjectDependencies) = postProject
		{819EF2CA-E990-4879-B37C-F44E7AA58F22} = {819EF2CA-E990-4879-B37C-F44E7AA58F22}
	EndProjectSection
EndProject
Project("{FAE04EC0-301F-11D3-BF4B-00C04F79EFBC}") = "QuotesDownloader", "..\Examples\CSharp\QuotesDownloader\QuotesDownloader.csproj", "{0486509B-FE6E-411B-919D-76BB270BC613}"
	ProjectSection(ProjectDependencies) = postProject
		{D15BBA76-552E-4C6D-AE64-FD6F30CCF770} = {D15BBA76-552E-4C6D-AE64-FD6F30CCF770}
	EndProjectSection
EndProject
Project("{FAE04EC0-301F-11D3-BF4B-00C04F79EFBC}") = "QuotesExporter", "..\Examples\CSharp\QuotesExporter\QuotesExporter.csproj", "{66D3223D-A5C7-476B-A55E-531F35CB3B49}"
	ProjectSection(ProjectDependencies) = postProject
		{D15BBA76-552E-4C6D-AE64-FD6F30CCF770} = {D15BBA76-552E-4C6D-AE64-FD6F30CCF770}
		{0486509B-FE6E-411B-919D-76BB270BC613} = {0486509B-FE6E-411B-919D-76BB270BC613}
	EndProjectSection
EndProject
Project("{FAE04EC0-301F-11D3-BF4B-00C04F79EFBC}") = "RealTimeLevel2", "..\Examples\CSharp\RealTimeLevel2\RealTimeLevel2.csproj", "{1BDCB9E5-646D-4D6B-93FD-9F15DBA8BCD9}"
	ProjectSection(ProjectDependencies) = postProject
		{66D3223D-A5C7-476B-A55E-531F35CB3B49} = {66D3223D-A5C7-476B-A55E-531F35CB3B49}
		{D15BBA76-552E-4C6D-AE64-FD6F30CCF770} = {D15BBA76-552E-4C6D-AE64-FD6F30CCF770}
	EndProjectSection
EndProject
Global
	GlobalSection(SolutionConfigurationPlatforms) = preSolution
		Debug|Any CPU = Debug|Any CPU
		Debug|x64 = Debug|x64
		Debug|x86 = Debug|x86
		Install|Any CPU = Install|Any CPU
		Install|x64 = Install|x64
		Install|x86 = Install|x86
		Release|Any CPU = Release|Any CPU
		Release|x64 = Release|x64
		Release|x86 = Release|x86
	EndGlobalSection
	GlobalSection(ProjectConfigurationPlatforms) = postSolution
		{8B29A897-6528-4D86-BF8B-4E19328F3174}.Debug|Any CPU.ActiveCfg = Debug|Win32
		{8B29A897-6528-4D86-BF8B-4E19328F3174}.Debug|x64.ActiveCfg = Debug|x64
		{8B29A897-6528-4D86-BF8B-4E19328F3174}.Debug|x64.Build.0 = Debug|x64
		{8B29A897-6528-4D86-BF8B-4E19328F3174}.Debug|x86.ActiveCfg = Debug|Win32
		{8B29A897-6528-4D86-BF8B-4E19328F3174}.Debug|x86.Build.0 = Debug|Win32
		{8B29A897-6528-4D86-BF8B-4E19328F3174}.Install|Any CPU.ActiveCfg = Release|Win32
		{8B29A897-6528-4D86-BF8B-4E19328F3174}.Install|x64.ActiveCfg = Release|x64
		{8B29A897-6528-4D86-BF8B-4E19328F3174}.Install|x64.Build.0 = Release|x64
		{8B29A897-6528-4D86-BF8B-4E19328F3174}.Install|x86.ActiveCfg = Release|Win32
		{8B29A897-6528-4D86-BF8B-4E19328F3174}.Install|x86.Build.0 = Release|Win32
		{8B29A897-6528-4D86-BF8B-4E19328F3174}.Release|Any CPU.ActiveCfg = Release|Win32
		{8B29A897-6528-4D86-BF8B-4E19328F3174}.Release|x64.ActiveCfg = Release|x64
		{8B29A897-6528-4D86-BF8B-4E19328F3174}.Release|x64.Build.0 = Release|x64
		{8B29A897-6528-4D86-BF8B-4E19328F3174}.Release|x86.ActiveCfg = Release|Win32
		{8B29A897-6528-4D86-BF8B-4E19328F3174}.Release|x86.Build.0 = Release|Win32
		{855BD9F0-BC08-4E8A-A2C1-2EA082C230D7}.Debug|Any CPU.ActiveCfg = Debug|Win32
		{855BD9F0-BC08-4E8A-A2C1-2EA082C230D7}.Debug|x64.ActiveCfg = Debug|x64
		{855BD9F0-BC08-4E8A-A2C1-2EA082C230D7}.Debug|x64.Build.0 = Debug|x64
		{855BD9F0-BC08-4E8A-A2C1-2EA082C230D7}.Debug|x86.ActiveCfg = Debug|Win32
		{855BD9F0-BC08-4E8A-A2C1-2EA082C230D7}.Debug|x86.Build.0 = Debug|Win32
		{855BD9F0-BC08-4E8A-A2C1-2EA082C230D7}.Install|Any CPU.ActiveCfg = Release|Win32
		{855BD9F0-BC08-4E8A-A2C1-2EA082C230D7}.Install|x64.ActiveCfg = Release|x64
		{855BD9F0-BC08-4E8A-A2C1-2EA082C230D7}.Install|x64.Build.0 = Release|x64
		{855BD9F0-BC08-4E8A-A2C1-2EA082C230D7}.Install|x86.ActiveCfg = Release|Win32
		{855BD9F0-BC08-4E8A-A2C1-2EA082C230D7}.Install|x86.Build.0 = Release|Win32
		{855BD9F0-BC08-4E8A-A2C1-2EA082C230D7}.Release|Any CPU.ActiveCfg = Release|Win32
		{855BD9F0-BC08-4E8A-A2C1-2EA082C230D7}.Release|x64.ActiveCfg = Release|x64
		{855BD9F0-BC08-4E8A-A2C1-2EA082C230D7}.Release|x64.Build.0 = Release|x64
		{855BD9F0-BC08-4E8A-A2C1-2EA082C230D7}.Release|x86.ActiveCfg = Release|Win32
		{855BD9F0-BC08-4E8A-A2C1-2EA082C230D7}.Release|x86.Build.0 = Release|Win32
		{2AEC504A-E6B6-4B0E-B294-5CA04664E046}.Debug|Any CPU.ActiveCfg = Debug|Win32
		{2AEC504A-E6B6-4B0E-B294-5CA04664E046}.Debug|x64.ActiveCfg = Debug|x64
		{2AEC504A-E6B6-4B0E-B294-5CA04664E046}.Debug|x64.Build.0 = Debug|x64
		{2AEC504A-E6B6-4B0E-B294-5CA04664E046}.Debug|x86.ActiveCfg = Debug|Win32
		{2AEC504A-E6B6-4B0E-B294-5CA04664E046}.Debug|x86.Build.0 = Debug|Win32
		{2AEC504A-E6B6-4B0E-B294-5CA04664E046}.Install|Any CPU.ActiveCfg = Release|Win32
		{2AEC504A-E6B6-4B0E-B294-5CA04664E046}.Install|x64.ActiveCfg = Release|x64
		{2AEC504A-E6B6-4B0E-B294-5CA04664E046}.Install|x64.Build.0 = Release|x64
		{2AEC504A-E6B6-4B0E-B294-5CA04664E046}.Install|x86.ActiveCfg = Release|Win32
		{2AEC504A-E6B6-4B0E-B294-5CA04664E046}.Install|x86.Build.0 = Release|Win32
		{2AEC504A-E6B6-4B0E-B294-5CA04664E046}.Release|Any CPU.ActiveCfg = Release|Win32
		{2AEC504A-E6B6-4B0E-B294-5CA04664E046}.Release|x64.ActiveCfg = Release|x64
		{2AEC504A-E6B6-4B0E-B294-5CA04664E046}.Release|x64.Build.0 = Release|x64
		{2AEC504A-E6B6-4B0E-B294-5CA04664E046}.Release|x86.ActiveCfg = Release|Win32
		{2AEC504A-E6B6-4B0E-B294-5CA04664E046}.Release|x86.Build.0 = Release|Win32
		{3C7D9181-5CC6-4880-B28E-9FC06590633C}.Debug|Any CPU.ActiveCfg = Debug|x86
		{3C7D9181-5CC6-4880-B28E-9FC06590633C}.Debug|x64.ActiveCfg = Debug|x64
		{3C7D9181-5CC6-4880-B28E-9FC06590633C}.Debug|x64.Build.0 = Debug|x64
		{3C7D9181-5CC6-4880-B28E-9FC06590633C}.Debug|x86.ActiveCfg = Debug|x86
		{3C7D9181-5CC6-4880-B28E-9FC06590633C}.Debug|x86.Build.0 = Debug|x86
		{3C7D9181-5CC6-4880-B28E-9FC06590633C}.Install|Any CPU.ActiveCfg = Release|x86
		{3C7D9181-5CC6-4880-B28E-9FC06590633C}.Install|x64.ActiveCfg = Release|x64
		{3C7D9181-5CC6-4880-B28E-9FC06590633C}.Install|x86.ActiveCfg = Release|x86
		{3C7D9181-5CC6-4880-B28E-9FC06590633C}.Install|x86.Build.0 = Release|x86
		{3C7D9181-5CC6-4880-B28E-9FC06590633C}.Release|Any CPU.ActiveCfg = Release|x86
		{3C7D9181-5CC6-4880-B28E-9FC06590633C}.Release|x64.ActiveCfg = Release|x64
		{3C7D9181-5CC6-4880-B28E-9FC06590633C}.Release|x64.Build.0 = Release|x64
		{3C7D9181-5CC6-4880-B28E-9FC06590633C}.Release|x86.ActiveCfg = Release|x86
		{3C7D9181-5CC6-4880-B28E-9FC06590633C}.Release|x86.Build.0 = Release|x86
		{D15BBA76-552E-4C6D-AE64-FD6F30CCF770}.Debug|Any CPU.ActiveCfg = Debug|Any CPU
		{D15BBA76-552E-4C6D-AE64-FD6F30CCF770}.Debug|Any CPU.Build.0 = Debug|Any CPU
		{D15BBA76-552E-4C6D-AE64-FD6F30CCF770}.Debug|x64.ActiveCfg = Debug|Any CPU
		{D15BBA76-552E-4C6D-AE64-FD6F30CCF770}.Debug|x64.Build.0 = Debug|Any CPU
		{D15BBA76-552E-4C6D-AE64-FD6F30CCF770}.Debug|x86.ActiveCfg = Debug|Any CPU
		{D15BBA76-552E-4C6D-AE64-FD6F30CCF770}.Debug|x86.Build.0 = Debug|Any CPU
		{D15BBA76-552E-4C6D-AE64-FD6F30CCF770}.Install|Any CPU.ActiveCfg = Release|Any CPU
		{D15BBA76-552E-4C6D-AE64-FD6F30CCF770}.Install|x64.ActiveCfg = Release|Any CPU
		{D15BBA76-552E-4C6D-AE64-FD6F30CCF770}.Install|x64.Build.0 = Release|Any CPU
		{D15BBA76-552E-4C6D-AE64-FD6F30CCF770}.Install|x86.ActiveCfg = Release|Any CPU
		{D15BBA76-552E-4C6D-AE64-FD6F30CCF770}.Install|x86.Build.0 = Release|Any CPU
		{D15BBA76-552E-4C6D-AE64-FD6F30CCF770}.Release|Any CPU.ActiveCfg = Release|Any CPU
		{D15BBA76-552E-4C6D-AE64-FD6F30CCF770}.Release|Any CPU.Build.0 = Release|Any CPU
		{D15BBA76-552E-4C6D-AE64-FD6F30CCF770}.Release|x64.ActiveCfg = Release|Any CPU
		{D15BBA76-552E-4C6D-AE64-FD6F30CCF770}.Release|x64.Build.0 = Release|Any CPU
		{D15BBA76-552E-4C6D-AE64-FD6F30CCF770}.Release|x86.ActiveCfg = Release|Any CPU
		{D15BBA76-552E-4C6D-AE64-FD6F30CCF770}.Release|x86.Build.0 = Release|Any CPU
		{F876FB15-BE34-4337-903F-E1A1666C2260}.Debug|Any CPU.ActiveCfg = Debug|Any CPU
		{F876FB15-BE34-4337-903F-E1A1666C2260}.Debug|Any CPU.Build.0 = Debug|Any CPU
		{F876FB15-BE34-4337-903F-E1A1666C2260}.Debug|x64.ActiveCfg = Debug|Any CPU
		{F876FB15-BE34-4337-903F-E1A1666C2260}.Debug|x64.Build.0 = Debug|Any CPU
		{F876FB15-BE34-4337-903F-E1A1666C2260}.Debug|x86.ActiveCfg = Debug|Any CPU
		{F876FB15-BE34-4337-903F-E1A1666C2260}.Debug|x86.Build.0 = Debug|Any CPU
		{F876FB15-BE34-4337-903F-E1A1666C2260}.Install|Any CPU.ActiveCfg = Release|Any CPU
		{F876FB15-BE34-4337-903F-E1A1666C2260}.Install|x64.ActiveCfg = Release|Any CPU
		{F876FB15-BE34-4337-903F-E1A1666C2260}.Install|x64.Build.0 = Release|Any CPU
		{F876FB15-BE34-4337-903F-E1A1666C2260}.Install|x86.ActiveCfg = Release|Any CPU
		{F876FB15-BE34-4337-903F-E1A1666C2260}.Install|x86.Build.0 = Release|Any CPU
		{F876FB15-BE34-4337-903F-E1A1666C2260}.Release|Any CPU.ActiveCfg = Release|Any CPU
		{F876FB15-BE34-4337-903F-E1A1666C2260}.Release|Any CPU.Build.0 = Release|Any CPU
		{F876FB15-BE34-4337-903F-E1A1666C2260}.Release|x64.ActiveCfg = Release|Any CPU
		{F876FB15-BE34-4337-903F-E1A1666C2260}.Release|x64.Build.0 = Release|Any CPU
		{F876FB15-BE34-4337-903F-E1A1666C2260}.Release|x86.ActiveCfg = Release|Any CPU
		{F876FB15-BE34-4337-903F-E1A1666C2260}.Release|x86.Build.0 = Release|Any CPU
		{A346539F-C30B-45AF-8827-E0EDA749C5EE}.Debug|Any CPU.ActiveCfg = Debug|Win32
		{A346539F-C30B-45AF-8827-E0EDA749C5EE}.Debug|x64.ActiveCfg = Debug|x64
		{A346539F-C30B-45AF-8827-E0EDA749C5EE}.Debug|x64.Build.0 = Debug|x64
		{A346539F-C30B-45AF-8827-E0EDA749C5EE}.Debug|x86.ActiveCfg = Debug|Win32
		{A346539F-C30B-45AF-8827-E0EDA749C5EE}.Debug|x86.Build.0 = Debug|Win32
		{A346539F-C30B-45AF-8827-E0EDA749C5EE}.Install|Any CPU.ActiveCfg = Release|Win32
		{A346539F-C30B-45AF-8827-E0EDA749C5EE}.Install|x64.ActiveCfg = Release|x64
		{A346539F-C30B-45AF-8827-E0EDA749C5EE}.Install|x64.Build.0 = Release|x64
		{A346539F-C30B-45AF-8827-E0EDA749C5EE}.Install|x86.ActiveCfg = Release|Win32
		{A346539F-C30B-45AF-8827-E0EDA749C5EE}.Install|x86.Build.0 = Release|Win32
		{A346539F-C30B-45AF-8827-E0EDA749C5EE}.Release|Any CPU.ActiveCfg = Release|Win32
		{A346539F-C30B-45AF-8827-E0EDA749C5EE}.Release|x64.ActiveCfg = Release|x64
		{A346539F-C30B-45AF-8827-E0EDA749C5EE}.Release|x64.Build.0 = Release|x64
		{A346539F-C30B-45AF-8827-E0EDA749C5EE}.Release|x86.ActiveCfg = Release|Win32
		{A346539F-C30B-45AF-8827-E0EDA749C5EE}.Release|x86.Build.0 = Release|Win32
		{A1FAA283-912C-4DB5-B7D2-C1F61C8EC3A3}.Debug|Any CPU.ActiveCfg = Debug|Win32
		{A1FAA283-912C-4DB5-B7D2-C1F61C8EC3A3}.Debug|x64.ActiveCfg = Debug|Win32
		{A1FAA283-912C-4DB5-B7D2-C1F61C8EC3A3}.Debug|x64.Build.0 = Debug|Win32
		{A1FAA283-912C-4DB5-B7D2-C1F61C8EC3A3}.Debug|x86.ActiveCfg = Debug|Win32
		{A1FAA283-912C-4DB5-B7D2-C1F61C8EC3A3}.Debug|x86.Build.0 = Debug|Win32
		{A1FAA283-912C-4DB5-B7D2-C1F61C8EC3A3}.Install|Any CPU.ActiveCfg = Release|Win32
		{A1FAA283-912C-4DB5-B7D2-C1F61C8EC3A3}.Install|x64.ActiveCfg = Release|Win32
		{A1FAA283-912C-4DB5-B7D2-C1F61C8EC3A3}.Install|x86.ActiveCfg = Release|Win32
		{A1FAA283-912C-4DB5-B7D2-C1F61C8EC3A3}.Release|Any CPU.ActiveCfg = Release|Win32
		{A1FAA283-912C-4DB5-B7D2-C1F61C8EC3A3}.Release|x64.ActiveCfg = Release|Win32
		{A1FAA283-912C-4DB5-B7D2-C1F61C8EC3A3}.Release|x64.Build.0 = Release|Win32
		{A1FAA283-912C-4DB5-B7D2-C1F61C8EC3A3}.Release|x86.ActiveCfg = Release|Win32
		{A1FAA283-912C-4DB5-B7D2-C1F61C8EC3A3}.Release|x86.Build.0 = Release|Win32
		{4E42E097-EC94-44EB-A93A-CA58783E4B85}.Debug|Any CPU.ActiveCfg = Debug|Win32
		{4E42E097-EC94-44EB-A93A-CA58783E4B85}.Debug|x64.ActiveCfg = Debug|x64
		{4E42E097-EC94-44EB-A93A-CA58783E4B85}.Debug|x64.Build.0 = Debug|x64
		{4E42E097-EC94-44EB-A93A-CA58783E4B85}.Debug|x86.ActiveCfg = Debug|Win32
		{4E42E097-EC94-44EB-A93A-CA58783E4B85}.Debug|x86.Build.0 = Debug|Win32
		{4E42E097-EC94-44EB-A93A-CA58783E4B85}.Install|Any CPU.ActiveCfg = Release|Win32
		{4E42E097-EC94-44EB-A93A-CA58783E4B85}.Install|x64.ActiveCfg = Release|x64
		{4E42E097-EC94-44EB-A93A-CA58783E4B85}.Install|x64.Build.0 = Release|x64
		{4E42E097-EC94-44EB-A93A-CA58783E4B85}.Install|x86.ActiveCfg = Release|Win32
		{4E42E097-EC94-44EB-A93A-CA58783E4B85}.Install|x86.Build.0 = Release|Win32
		{4E42E097-EC94-44EB-A93A-CA58783E4B85}.Release|Any CPU.ActiveCfg = Release|Win32
		{4E42E097-EC94-44EB-A93A-CA58783E4B85}.Release|x64.ActiveCfg = Release|x64
		{4E42E097-EC94-44EB-A93A-CA58783E4B85}.Release|x64.Build.0 = Release|x64
		{4E42E097-EC94-44EB-A93A-CA58783E4B85}.Release|x86.ActiveCfg = Release|Win32
		{4E42E097-EC94-44EB-A93A-CA58783E4B85}.Release|x86.Build.0 = Release|Win32
		{B4BB3810-A763-4420-ADDD-4C10C5A848BA}.Debug|Any CPU.ActiveCfg = Debug|Any CPU
		{B4BB3810-A763-4420-ADDD-4C10C5A848BA}.Debug|Any CPU.Build.0 = Debug|Any CPU
		{B4BB3810-A763-4420-ADDD-4C10C5A848BA}.Debug|x64.ActiveCfg = Debug|Any CPU
		{B4BB3810-A763-4420-ADDD-4C10C5A848BA}.Debug|x64.Build.0 = Debug|Any CPU
		{B4BB3810-A763-4420-ADDD-4C10C5A848BA}.Debug|x86.ActiveCfg = Debug|Any CPU
		{B4BB3810-A763-4420-ADDD-4C10C5A848BA}.Debug|x86.Build.0 = Debug|Any CPU
		{B4BB3810-A763-4420-ADDD-4C10C5A848BA}.Install|Any CPU.ActiveCfg = Release|Any CPU
		{B4BB3810-A763-4420-ADDD-4C10C5A848BA}.Install|x64.ActiveCfg = Release|Any CPU
		{B4BB3810-A763-4420-ADDD-4C10C5A848BA}.Install|x86.ActiveCfg = Release|Any CPU
		{B4BB3810-A763-4420-ADDD-4C10C5A848BA}.Release|Any CPU.ActiveCfg = Release|Any CPU
		{B4BB3810-A763-4420-ADDD-4C10C5A848BA}.Release|Any CPU.Build.0 = Release|Any CPU
		{B4BB3810-A763-4420-ADDD-4C10C5A848BA}.Release|x64.ActiveCfg = Release|Any CPU
		{B4BB3810-A763-4420-ADDD-4C10C5A848BA}.Release|x64.Build.0 = Release|Any CPU
		{B4BB3810-A763-4420-ADDD-4C10C5A848BA}.Release|x86.ActiveCfg = Release|Any CPU
		{B4BB3810-A763-4420-ADDD-4C10C5A848BA}.Release|x86.Build.0 = Release|Any CPU
		{EB0C2BE3-9F4B-4C27-BEAA-737187AD4B8E}.Debug|Any CPU.ActiveCfg = Debug|Win32
		{EB0C2BE3-9F4B-4C27-BEAA-737187AD4B8E}.Debug|x64.ActiveCfg = Debug|x64
		{EB0C2BE3-9F4B-4C27-BEAA-737187AD4B8E}.Debug|x64.Build.0 = Debug|x64
		{EB0C2BE3-9F4B-4C27-BEAA-737187AD4B8E}.Debug|x86.ActiveCfg = Debug|Win32
		{EB0C2BE3-9F4B-4C27-BEAA-737187AD4B8E}.Debug|x86.Build.0 = Debug|Win32
		{EB0C2BE3-9F4B-4C27-BEAA-737187AD4B8E}.Install|Any CPU.ActiveCfg = Release|Win32
		{EB0C2BE3-9F4B-4C27-BEAA-737187AD4B8E}.Install|x64.ActiveCfg = Release|x64
		{EB0C2BE3-9F4B-4C27-BEAA-737187AD4B8E}.Install|x86.ActiveCfg = Release|x64
		{EB0C2BE3-9F4B-4C27-BEAA-737187AD4B8E}.Release|Any CPU.ActiveCfg = Release|Win32
		{EB0C2BE3-9F4B-4C27-BEAA-737187AD4B8E}.Release|x64.ActiveCfg = Release|x64
		{EB0C2BE3-9F4B-4C27-BEAA-737187AD4B8E}.Release|x64.Build.0 = Release|x64
		{EB0C2BE3-9F4B-4C27-BEAA-737187AD4B8E}.Release|x86.ActiveCfg = Release|Win32
		{EB0C2BE3-9F4B-4C27-BEAA-737187AD4B8E}.Release|x86.Build.0 = Release|Win32
		{6AA3467F-6C08-4E05-802E-3225D9027DBC}.Debug|Any CPU.ActiveCfg = Debug|Win32
		{6AA3467F-6C08-4E05-802E-3225D9027DBC}.Debug|x64.ActiveCfg = Debug|x64
		{6AA3467F-6C08-4E05-802E-3225D9027DBC}.Debug|x64.Build.0 = Debug|x64
		{6AA3467F-6C08-4E05-802E-3225D9027DBC}.Debug|x86.ActiveCfg = Debug|Win32
		{6AA3467F-6C08-4E05-802E-3225D9027DBC}.Debug|x86.Build.0 = Debug|Win32
		{6AA3467F-6C08-4E05-802E-3225D9027DBC}.Debug|x86.Deploy.0 = Debug|Win32
		{6AA3467F-6C08-4E05-802E-3225D9027DBC}.Install|Any CPU.ActiveCfg = Release|Win32
		{6AA3467F-6C08-4E05-802E-3225D9027DBC}.Install|x64.ActiveCfg = Release|x64
		{6AA3467F-6C08-4E05-802E-3225D9027DBC}.Install|x64.Build.0 = Release|x64
		{6AA3467F-6C08-4E05-802E-3225D9027DBC}.Install|x86.ActiveCfg = Release|Win32
		{6AA3467F-6C08-4E05-802E-3225D9027DBC}.Install|x86.Build.0 = Release|Win32
		{6AA3467F-6C08-4E05-802E-3225D9027DBC}.Release|Any CPU.ActiveCfg = Release|Win32
		{6AA3467F-6C08-4E05-802E-3225D9027DBC}.Release|x64.ActiveCfg = Release|x64
		{6AA3467F-6C08-4E05-802E-3225D9027DBC}.Release|x64.Build.0 = Release|x64
		{6AA3467F-6C08-4E05-802E-3225D9027DBC}.Release|x86.ActiveCfg = Release|Win32
		{6AA3467F-6C08-4E05-802E-3225D9027DBC}.Release|x86.Build.0 = Release|Win32
		{C7DB3847-921F-43F4-AE27-D9B5839CF112}.Debug|Any CPU.ActiveCfg = Debug|Any CPU
		{C7DB3847-921F-43F4-AE27-D9B5839CF112}.Debug|Any CPU.Build.0 = Debug|Any CPU
		{C7DB3847-921F-43F4-AE27-D9B5839CF112}.Debug|x64.ActiveCfg = Debug|Any CPU
		{C7DB3847-921F-43F4-AE27-D9B5839CF112}.Debug|x64.Build.0 = Debug|Any CPU
		{C7DB3847-921F-43F4-AE27-D9B5839CF112}.Debug|x86.ActiveCfg = Debug|Any CPU
		{C7DB3847-921F-43F4-AE27-D9B5839CF112}.Debug|x86.Build.0 = Debug|Any CPU
		{C7DB3847-921F-43F4-AE27-D9B5839CF112}.Install|Any CPU.ActiveCfg = Release|Any CPU
		{C7DB3847-921F-43F4-AE27-D9B5839CF112}.Install|x64.ActiveCfg = Release|Any CPU
		{C7DB3847-921F-43F4-AE27-D9B5839CF112}.Install|x86.ActiveCfg = Release|Any CPU
		{C7DB3847-921F-43F4-AE27-D9B5839CF112}.Release|Any CPU.ActiveCfg = Release|Any CPU
		{C7DB3847-921F-43F4-AE27-D9B5839CF112}.Release|Any CPU.Build.0 = Release|Any CPU
		{C7DB3847-921F-43F4-AE27-D9B5839CF112}.Release|x64.ActiveCfg = Release|Any CPU
		{C7DB3847-921F-43F4-AE27-D9B5839CF112}.Release|x64.Build.0 = Release|Any CPU
		{C7DB3847-921F-43F4-AE27-D9B5839CF112}.Release|x86.ActiveCfg = Release|Any CPU
		{C7DB3847-921F-43F4-AE27-D9B5839CF112}.Release|x86.Build.0 = Release|Any CPU
		{B240E01F-EF53-4088-9782-42E2D412D363}.Debug|Any CPU.ActiveCfg = Debug|Win32
		{B240E01F-EF53-4088-9782-42E2D412D363}.Debug|x64.ActiveCfg = Debug|x64
		{B240E01F-EF53-4088-9782-42E2D412D363}.Debug|x64.Build.0 = Debug|x64
		{B240E01F-EF53-4088-9782-42E2D412D363}.Debug|x86.ActiveCfg = Debug|Win32
		{B240E01F-EF53-4088-9782-42E2D412D363}.Debug|x86.Build.0 = Debug|Win32
		{B240E01F-EF53-4088-9782-42E2D412D363}.Install|Any CPU.ActiveCfg = Release|Win32
		{B240E01F-EF53-4088-9782-42E2D412D363}.Install|x64.ActiveCfg = Release|x64
		{B240E01F-EF53-4088-9782-42E2D412D363}.Install|x64.Build.0 = Release|x64
		{B240E01F-EF53-4088-9782-42E2D412D363}.Install|x86.ActiveCfg = Release|Win32
		{B240E01F-EF53-4088-9782-42E2D412D363}.Install|x86.Build.0 = Release|Win32
		{B240E01F-EF53-4088-9782-42E2D412D363}.Release|Any CPU.ActiveCfg = Release|Win32
		{B240E01F-EF53-4088-9782-42E2D412D363}.Release|x64.ActiveCfg = Release|x64
		{B240E01F-EF53-4088-9782-42E2D412D363}.Release|x64.Build.0 = Release|x64
		{B240E01F-EF53-4088-9782-42E2D412D363}.Release|x86.ActiveCfg = Release|Win32
		{B240E01F-EF53-4088-9782-42E2D412D363}.Release|x86.Build.0 = Release|Win32
		{AED27751-725E-45EE-BC75-B31CA602ECB4}.Debug|Any CPU.ActiveCfg = Debug|Win32
		{AED27751-725E-45EE-BC75-B31CA602ECB4}.Debug|x64.ActiveCfg = Debug|x64
		{AED27751-725E-45EE-BC75-B31CA602ECB4}.Debug|x64.Build.0 = Debug|x64
		{AED27751-725E-45EE-BC75-B31CA602ECB4}.Debug|x86.ActiveCfg = Debug|Win32
		{AED27751-725E-45EE-BC75-B31CA602ECB4}.Debug|x86.Build.0 = Debug|Win32
		{AED27751-725E-45EE-BC75-B31CA602ECB4}.Install|Any CPU.ActiveCfg = Release|Win32
		{AED27751-725E-45EE-BC75-B31CA602ECB4}.Install|x64.ActiveCfg = Release|x64
		{AED27751-725E-45EE-BC75-B31CA602ECB4}.Install|x64.Build.0 = Release|x64
		{AED27751-725E-45EE-BC75-B31CA602ECB4}.Install|x86.ActiveCfg = Release|Win32
		{AED27751-725E-45EE-BC75-B31CA602ECB4}.Install|x86.Build.0 = Release|Win32
		{AED27751-725E-45EE-BC75-B31CA602ECB4}.Release|Any CPU.ActiveCfg = Release|Win32
		{AED27751-725E-45EE-BC75-B31CA602ECB4}.Release|x64.ActiveCfg = Release|x64
		{AED27751-725E-45EE-BC75-B31CA602ECB4}.Release|x64.Build.0 = Release|x64
		{AED27751-725E-45EE-BC75-B31CA602ECB4}.Release|x86.ActiveCfg = Release|Win32
		{AED27751-725E-45EE-BC75-B31CA602ECB4}.Release|x86.Build.0 = Release|Win32
		{FFEC3EA6-1FEE-4E10-8395-22C0CF9CA604}.Debug|Any CPU.ActiveCfg = Debug|Win32
		{FFEC3EA6-1FEE-4E10-8395-22C0CF9CA604}.Debug|x64.ActiveCfg = Debug|x64
		{FFEC3EA6-1FEE-4E10-8395-22C0CF9CA604}.Debug|x64.Build.0 = Debug|x64
		{FFEC3EA6-1FEE-4E10-8395-22C0CF9CA604}.Debug|x86.ActiveCfg = Debug|Win32
		{FFEC3EA6-1FEE-4E10-8395-22C0CF9CA604}.Debug|x86.Build.0 = Debug|Win32
		{FFEC3EA6-1FEE-4E10-8395-22C0CF9CA604}.Install|Any CPU.ActiveCfg = Release|Win32
		{FFEC3EA6-1FEE-4E10-8395-22C0CF9CA604}.Install|x64.ActiveCfg = Release|x64
		{FFEC3EA6-1FEE-4E10-8395-22C0CF9CA604}.Install|x64.Build.0 = Release|x64
		{FFEC3EA6-1FEE-4E10-8395-22C0CF9CA604}.Install|x86.ActiveCfg = Release|Win32
		{FFEC3EA6-1FEE-4E10-8395-22C0CF9CA604}.Install|x86.Build.0 = Release|Win32
		{FFEC3EA6-1FEE-4E10-8395-22C0CF9CA604}.Release|Any CPU.ActiveCfg = Release|Win32
		{FFEC3EA6-1FEE-4E10-8395-22C0CF9CA604}.Release|x64.ActiveCfg = Release|x64
		{FFEC3EA6-1FEE-4E10-8395-22C0CF9CA604}.Release|x64.Build.0 = Release|x64
		{FFEC3EA6-1FEE-4E10-8395-22C0CF9CA604}.Release|x86.ActiveCfg = Release|Win32
		{FFEC3EA6-1FEE-4E10-8395-22C0CF9CA604}.Release|x86.Build.0 = Release|Win32
		{C184E33C-85C8-4214-AD22-10C40ABA0212}.Debug|Any CPU.ActiveCfg = Debug|Any CPU
		{C184E33C-85C8-4214-AD22-10C40ABA0212}.Debug|Any CPU.Build.0 = Debug|Any CPU
		{C184E33C-85C8-4214-AD22-10C40ABA0212}.Debug|x64.ActiveCfg = Debug|Any CPU
		{C184E33C-85C8-4214-AD22-10C40ABA0212}.Debug|x64.Build.0 = Debug|Any CPU
		{C184E33C-85C8-4214-AD22-10C40ABA0212}.Debug|x86.ActiveCfg = Debug|Any CPU
		{C184E33C-85C8-4214-AD22-10C40ABA0212}.Debug|x86.Build.0 = Debug|Any CPU
		{C184E33C-85C8-4214-AD22-10C40ABA0212}.Install|Any CPU.ActiveCfg = Release|Any CPU
		{C184E33C-85C8-4214-AD22-10C40ABA0212}.Install|x64.ActiveCfg = Release|Any CPU
		{C184E33C-85C8-4214-AD22-10C40ABA0212}.Install|x64.Build.0 = Release|Any CPU
		{C184E33C-85C8-4214-AD22-10C40ABA0212}.Install|x86.ActiveCfg = Release|Any CPU
		{C184E33C-85C8-4214-AD22-10C40ABA0212}.Install|x86.Build.0 = Release|Any CPU
		{C184E33C-85C8-4214-AD22-10C40ABA0212}.Release|Any CPU.ActiveCfg = Release|Any CPU
		{C184E33C-85C8-4214-AD22-10C40ABA0212}.Release|Any CPU.Build.0 = Release|Any CPU
		{C184E33C-85C8-4214-AD22-10C40ABA0212}.Release|x64.ActiveCfg = Release|Any CPU
		{C184E33C-85C8-4214-AD22-10C40ABA0212}.Release|x64.Build.0 = Release|Any CPU
		{C184E33C-85C8-4214-AD22-10C40ABA0212}.Release|x86.ActiveCfg = Release|Any CPU
		{C184E33C-85C8-4214-AD22-10C40ABA0212}.Release|x86.Build.0 = Release|Any CPU
		{819EF2CA-E990-4879-B37C-F44E7AA58F22}.Debug|Any CPU.ActiveCfg = Debug|Win32
		{819EF2CA-E990-4879-B37C-F44E7AA58F22}.Debug|x64.ActiveCfg = Debug|x64
		{819EF2CA-E990-4879-B37C-F44E7AA58F22}.Debug|x64.Build.0 = Debug|x64
		{819EF2CA-E990-4879-B37C-F44E7AA58F22}.Debug|x86.ActiveCfg = Debug|Win32
		{819EF2CA-E990-4879-B37C-F44E7AA58F22}.Debug|x86.Build.0 = Debug|Win32
		{819EF2CA-E990-4879-B37C-F44E7AA58F22}.Install|Any CPU.ActiveCfg = Release|Win32
		{819EF2CA-E990-4879-B37C-F44E7AA58F22}.Install|x64.ActiveCfg = Release|x64
		{819EF2CA-E990-4879-B37C-F44E7AA58F22}.Install|x64.Build.0 = Release|x64
		{819EF2CA-E990-4879-B37C-F44E7AA58F22}.Install|x86.ActiveCfg = Release|Win32
		{819EF2CA-E990-4879-B37C-F44E7AA58F22}.Install|x86.Build.0 = Release|Win32
		{819EF2CA-E990-4879-B37C-F44E7AA58F22}.Release|Any CPU.ActiveCfg = Release|Win32
		{819EF2CA-E990-4879-B37C-F44E7AA58F22}.Release|x64.ActiveCfg = Release|x64
		{819EF2CA-E990-4879-B37C-F44E7AA58F22}.Release|x64.Build.0 = Release|x64
		{819EF2CA-E990-4879-B37C-F44E7AA58F22}.Release|x86.ActiveCfg = Release|Win32
		{819EF2CA-E990-4879-B37C-F44E7AA58F22}.Release|x86.Build.0 = Release|Win32
		{80CFC81B-6D8F-49BC-9DCB-16DA7E3136A1}.Debug|Any CPU.ActiveCfg = Debug|Any CPU
		{80CFC81B-6D8F-49BC-9DCB-16DA7E3136A1}.Debug|x64.ActiveCfg = Debug|Any CPU
		{80CFC81B-6D8F-49BC-9DCB-16DA7E3136A1}.Debug|x64.Build.0 = Debug|Any CPU
		{80CFC81B-6D8F-49BC-9DCB-16DA7E3136A1}.Debug|x86.ActiveCfg = Debug|Any CPU
		{80CFC81B-6D8F-49BC-9DCB-16DA7E3136A1}.Debug|x86.Build.0 = Debug|Any CPU
		{80CFC81B-6D8F-49BC-9DCB-16DA7E3136A1}.Install|Any CPU.ActiveCfg = Release|Any CPU
		{80CFC81B-6D8F-49BC-9DCB-16DA7E3136A1}.Install|x64.ActiveCfg = Release|Any CPU
		{80CFC81B-6D8F-49BC-9DCB-16DA7E3136A1}.Install|x86.ActiveCfg = Release|Any CPU
		{80CFC81B-6D8F-49BC-9DCB-16DA7E3136A1}.Release|Any CPU.ActiveCfg = Release|Any CPU
		{80CFC81B-6D8F-49BC-9DCB-16DA7E3136A1}.Release|x64.ActiveCfg = Release|Any CPU
		{80CFC81B-6D8F-49BC-9DCB-16DA7E3136A1}.Release|x64.Build.0 = Release|Any CPU
		{80CFC81B-6D8F-49BC-9DCB-16DA7E3136A1}.Release|x86.ActiveCfg = Release|Any CPU
		{80CFC81B-6D8F-49BC-9DCB-16DA7E3136A1}.Release|x86.Build.0 = Release|Any CPU
		{0F05B623-6D7F-4D93-97BF-D0BFB385743A}.Debug|Any CPU.ActiveCfg = Debug|Any CPU
		{0F05B623-6D7F-4D93-97BF-D0BFB385743A}.Debug|x64.ActiveCfg = Debug|Any CPU
		{0F05B623-6D7F-4D93-97BF-D0BFB385743A}.Debug|x64.Build.0 = Debug|Any CPU
		{0F05B623-6D7F-4D93-97BF-D0BFB385743A}.Debug|x86.ActiveCfg = Debug|Any CPU
		{0F05B623-6D7F-4D93-97BF-D0BFB385743A}.Debug|x86.Build.0 = Debug|Any CPU
		{0F05B623-6D7F-4D93-97BF-D0BFB385743A}.Install|Any CPU.ActiveCfg = Release|Any CPU
		{0F05B623-6D7F-4D93-97BF-D0BFB385743A}.Install|x64.ActiveCfg = Release|Any CPU
		{0F05B623-6D7F-4D93-97BF-D0BFB385743A}.Install|x86.ActiveCfg = Release|Any CPU
		{0F05B623-6D7F-4D93-97BF-D0BFB385743A}.Release|Any CPU.ActiveCfg = Release|Any CPU
		{0F05B623-6D7F-4D93-97BF-D0BFB385743A}.Release|x64.ActiveCfg = Release|Any CPU
		{0F05B623-6D7F-4D93-97BF-D0BFB385743A}.Release|x64.Build.0 = Release|Any CPU
		{0F05B623-6D7F-4D93-97BF-D0BFB385743A}.Release|x86.ActiveCfg = Release|Any CPU
		{0F05B623-6D7F-4D93-97BF-D0BFB385743A}.Release|x86.Build.0 = Release|Any CPU
		{74B40AB0-6301-4F8E-A177-D0F599D13473}.Debug|Any CPU.ActiveCfg = Debug|Win32
		{74B40AB0-6301-4F8E-A177-D0F599D13473}.Debug|x64.ActiveCfg = Debug|x64
		{74B40AB0-6301-4F8E-A177-D0F599D13473}.Debug|x64.Build.0 = Debug|x64
		{74B40AB0-6301-4F8E-A177-D0F599D13473}.Debug|x86.ActiveCfg = Debug|Win32
		{74B40AB0-6301-4F8E-A177-D0F599D13473}.Debug|x86.Build.0 = Debug|Win32
		{74B40AB0-6301-4F8E-A177-D0F599D13473}.Install|Any CPU.ActiveCfg = Release|x64
		{74B40AB0-6301-4F8E-A177-D0F599D13473}.Install|Any CPU.Build.0 = Release|x64
		{74B40AB0-6301-4F8E-A177-D0F599D13473}.Install|x64.ActiveCfg = Release|x64
		{74B40AB0-6301-4F8E-A177-D0F599D13473}.Install|x64.Build.0 = Release|x64
		{74B40AB0-6301-4F8E-A177-D0F599D13473}.Install|x86.ActiveCfg = Release|Win32
		{74B40AB0-6301-4F8E-A177-D0F599D13473}.Install|x86.Build.0 = Release|Win32
		{74B40AB0-6301-4F8E-A177-D0F599D13473}.Release|Any CPU.ActiveCfg = Release|Win32
		{74B40AB0-6301-4F8E-A177-D0F599D13473}.Release|x64.ActiveCfg = Release|x64
		{74B40AB0-6301-4F8E-A177-D0F599D13473}.Release|x64.Build.0 = Release|x64
		{74B40AB0-6301-4F8E-A177-D0F599D13473}.Release|x86.ActiveCfg = Release|Win32
		{74B40AB0-6301-4F8E-A177-D0F599D13473}.Release|x86.Build.0 = Release|Win32
		{0486509B-FE6E-411B-919D-76BB270BC613}.Debug|Any CPU.ActiveCfg = Debug|Any CPU
		{0486509B-FE6E-411B-919D-76BB270BC613}.Debug|Any CPU.Build.0 = Debug|Any CPU
		{0486509B-FE6E-411B-919D-76BB270BC613}.Debug|x64.ActiveCfg = Debug|Any CPU
		{0486509B-FE6E-411B-919D-76BB270BC613}.Debug|x64.Build.0 = Debug|Any CPU
		{0486509B-FE6E-411B-919D-76BB270BC613}.Debug|x86.ActiveCfg = Debug|Any CPU
		{0486509B-FE6E-411B-919D-76BB270BC613}.Debug|x86.Build.0 = Debug|Any CPU
		{0486509B-FE6E-411B-919D-76BB270BC613}.Install|Any CPU.ActiveCfg = Release|Any CPU
		{0486509B-FE6E-411B-919D-76BB270BC613}.Install|Any CPU.Build.0 = Release|Any CPU
		{0486509B-FE6E-411B-919D-76BB270BC613}.Install|x64.ActiveCfg = Release|Any CPU
		{0486509B-FE6E-411B-919D-76BB270BC613}.Install|x64.Build.0 = Release|Any CPU
		{0486509B-FE6E-411B-919D-76BB270BC613}.Install|x86.ActiveCfg = Release|Any CPU
		{0486509B-FE6E-411B-919D-76BB270BC613}.Install|x86.Build.0 = Release|Any CPU
		{0486509B-FE6E-411B-919D-76BB270BC613}.Release|Any CPU.ActiveCfg = Release|Any CPU
		{0486509B-FE6E-411B-919D-76BB270BC613}.Release|Any CPU.Build.0 = Release|Any CPU
		{0486509B-FE6E-411B-919D-76BB270BC613}.Release|x64.ActiveCfg = Release|Any CPU
		{0486509B-FE6E-411B-919D-76BB270BC613}.Release|x64.Build.0 = Release|Any CPU
		{0486509B-FE6E-411B-919D-76BB270BC613}.Release|x86.ActiveCfg = Release|Any CPU
		{0486509B-FE6E-411B-919D-76BB270BC613}.Release|x86.Build.0 = Release|Any CPU
		{66D3223D-A5C7-476B-A55E-531F35CB3B49}.Debug|Any CPU.ActiveCfg = Debug|Any CPU
		{66D3223D-A5C7-476B-A55E-531F35CB3B49}.Debug|Any CPU.Build.0 = Debug|Any CPU
		{66D3223D-A5C7-476B-A55E-531F35CB3B49}.Debug|x64.ActiveCfg = Debug|Any CPU
		{66D3223D-A5C7-476B-A55E-531F35CB3B49}.Debug|x64.Build.0 = Debug|Any CPU
		{66D3223D-A5C7-476B-A55E-531F35CB3B49}.Debug|x86.ActiveCfg = Debug|Any CPU
		{66D3223D-A5C7-476B-A55E-531F35CB3B49}.Debug|x86.Build.0 = Debug|Any CPU
		{66D3223D-A5C7-476B-A55E-531F35CB3B49}.Install|Any CPU.ActiveCfg = Release|Any CPU
		{66D3223D-A5C7-476B-A55E-531F35CB3B49}.Install|Any CPU.Build.0 = Release|Any CPU
		{66D3223D-A5C7-476B-A55E-531F35CB3B49}.Install|x64.ActiveCfg = Release|Any CPU
		{66D3223D-A5C7-476B-A55E-531F35CB3B49}.Install|x64.Build.0 = Release|Any CPU
		{66D3223D-A5C7-476B-A55E-531F35CB3B49}.Install|x86.ActiveCfg = Release|Any CPU
		{66D3223D-A5C7-476B-A55E-531F35CB3B49}.Install|x86.Build.0 = Release|Any CPU
		{66D3223D-A5C7-476B-A55E-531F35CB3B49}.Release|Any CPU.ActiveCfg = Release|Any CPU
		{66D3223D-A5C7-476B-A55E-531F35CB3B49}.Release|Any CPU.Build.0 = Release|Any CPU
		{66D3223D-A5C7-476B-A55E-531F35CB3B49}.Release|x64.ActiveCfg = Release|Any CPU
		{66D3223D-A5C7-476B-A55E-531F35CB3B49}.Release|x64.Build.0 = Release|Any CPU
		{66D3223D-A5C7-476B-A55E-531F35CB3B49}.Release|x86.ActiveCfg = Release|Any CPU
		{66D3223D-A5C7-476B-A55E-531F35CB3B49}.Release|x86.Build.0 = Release|Any CPU
		{1BDCB9E5-646D-4D6B-93FD-9F15DBA8BCD9}.Debug|Any CPU.ActiveCfg = Debug|Any CPU
		{1BDCB9E5-646D-4D6B-93FD-9F15DBA8BCD9}.Debug|Any CPU.Build.0 = Debug|Any CPU
		{1BDCB9E5-646D-4D6B-93FD-9F15DBA8BCD9}.Debug|x64.ActiveCfg = Debug|Any CPU
		{1BDCB9E5-646D-4D6B-93FD-9F15DBA8BCD9}.Debug|x64.Build.0 = Debug|Any CPU
		{1BDCB9E5-646D-4D6B-93FD-9F15DBA8BCD9}.Debug|x86.ActiveCfg = Debug|Any CPU
		{1BDCB9E5-646D-4D6B-93FD-9F15DBA8BCD9}.Debug|x86.Build.0 = Debug|Any CPU
		{1BDCB9E5-646D-4D6B-93FD-9F15DBA8BCD9}.Install|Any CPU.ActiveCfg = Release|Any CPU
		{1BDCB9E5-646D-4D6B-93FD-9F15DBA8BCD9}.Install|Any CPU.Build.0 = Release|Any CPU
		{1BDCB9E5-646D-4D6B-93FD-9F15DBA8BCD9}.Install|x64.ActiveCfg = Release|Any CPU
		{1BDCB9E5-646D-4D6B-93FD-9F15DBA8BCD9}.Install|x64.Build.0 = Release|Any CPU
		{1BDCB9E5-646D-4D6B-93FD-9F15DBA8BCD9}.Install|x86.ActiveCfg = Release|Any CPU
		{1BDCB9E5-646D-4D6B-93FD-9F15DBA8BCD9}.Install|x86.Build.0 = Release|Any CPU
		{1BDCB9E5-646D-4D6B-93FD-9F15DBA8BCD9}.Release|Any CPU.ActiveCfg = Release|Any CPU
		{1BDCB9E5-646D-4D6B-93FD-9F15DBA8BCD9}.Release|Any CPU.Build.0 = Release|Any CPU
		{1BDCB9E5-646D-4D6B-93FD-9F15DBA8BCD9}.Release|x64.ActiveCfg = Release|Any CPU
		{1BDCB9E5-646D-4D6B-93FD-9F15DBA8BCD9}.Release|x64.Build.0 = Release|Any CPU
		{1BDCB9E5-646D-4D6B-93FD-9F15DBA8BCD9}.Release|x86.ActiveCfg = Release|Any CPU
		{1BDCB9E5-646D-4D6B-93FD-9F15DBA8BCD9}.Release|x86.Build.0 = Release|Any CPU
	EndGlobalSection
	GlobalSection(SolutionProperties) = preSolution
		HideSolutionNode = FALSE
	EndGlobalSection
	GlobalSection(NestedProjects) = preSolution
		{8B29A897-6528-4D86-BF8B-4E19328F3174} = {35BC04A2-980C-449A-BAE3-5C4111F6F757}
		{855BD9F0-BC08-4E8A-A2C1-2EA082C230D7} = {C7C4D7DD-7849-40E1-80E9-094EEEB2456D}
		{2AEC504A-E6B6-4B0E-B294-5CA04664E046} = {35BC04A2-980C-449A-BAE3-5C4111F6F757}
		{3C7D9181-5CC6-4880-B28E-9FC06590633C} = {A56661B0-DFB6-4F8B-A6DC-837E1CC2818C}
		{D15BBA76-552E-4C6D-AE64-FD6F30CCF770} = {BA0CDE49-4EFA-484D-87A4-D2F2CDF2761D}
		{F876FB15-BE34-4337-903F-E1A1666C2260} = {667D2258-B3CB-4578-9EF3-48F74C69F897}
		{A346539F-C30B-45AF-8827-E0EDA749C5EE} = {C7C4D7DD-7849-40E1-80E9-094EEEB2456D}
		{A1FAA283-912C-4DB5-B7D2-C1F61C8EC3A3} = {C7C4D7DD-7849-40E1-80E9-094EEEB2456D}
		{4E42E097-EC94-44EB-A93A-CA58783E4B85} = {35BC04A2-980C-449A-BAE3-5C4111F6F757}
		{B4BB3810-A763-4420-ADDD-4C10C5A848BA} = {A5730612-4948-4490-AB30-F225C803B2BE}
		{EB0C2BE3-9F4B-4C27-BEAA-737187AD4B8E} = {A5730612-4948-4490-AB30-F225C803B2BE}
		{6AA3467F-6C08-4E05-802E-3225D9027DBC} = {64BD70FF-541F-47E9-AA89-C4A46B64B1E0}
		{C7DB3847-921F-43F4-AE27-D9B5839CF112} = {BA0CDE49-4EFA-484D-87A4-D2F2CDF2761D}
		{B240E01F-EF53-4088-9782-42E2D412D363} = {621F808B-B6D6-4024-A473-149ED9314F4F}
		{C7C4D7DD-7849-40E1-80E9-094EEEB2456D} = {7E776DE9-7AE8-4F35-96D6-42CDAD1836DF}
		{621F808B-B6D6-4024-A473-149ED9314F4F} = {7E776DE9-7AE8-4F35-96D6-42CDAD1836DF}
		{64BD70FF-541F-47E9-AA89-C4A46B64B1E0} = {7E776DE9-7AE8-4F35-96D6-42CDAD1836DF}
		{AED27751-725E-45EE-BC75-B31CA602ECB4} = {621F808B-B6D6-4024-A473-149ED9314F4F}
		{FFEC3EA6-1FEE-4E10-8395-22C0CF9CA604} = {621F808B-B6D6-4024-A473-149ED9314F4F}
		{C184E33C-85C8-4214-AD22-10C40ABA0212} = {621F808B-B6D6-4024-A473-149ED9314F4F}
		{819EF2CA-E990-4879-B37C-F44E7AA58F22} = {35BC04A2-980C-449A-BAE3-5C4111F6F757}
		{80CFC81B-6D8F-49BC-9DCB-16DA7E3136A1} = {A5730612-4948-4490-AB30-F225C803B2BE}
		{0F05B623-6D7F-4D93-97BF-D0BFB385743A} = {A5730612-4948-4490-AB30-F225C803B2BE}
		{16AFCAB0-C0DB-4216-AF91-4824BE01EC00} = {2542740B-6067-4A23-A24C-FEAA175B2177}
		{E0918FD6-28F3-432A-87FA-8C5A38210F35} = {2542740B-6067-4A23-A24C-FEAA175B2177}
		{74B40AB0-6301-4F8E-A177-D0F599D13473} = {16AFCAB0-C0DB-4216-AF91-4824BE01EC00}
		{0486509B-FE6E-411B-919D-76BB270BC613} = {E0918FD6-28F3-432A-87FA-8C5A38210F35}
		{66D3223D-A5C7-476B-A55E-531F35CB3B49} = {E0918FD6-28F3-432A-87FA-8C5A38210F35}
		{1BDCB9E5-646D-4D6B-93FD-9F15DBA8BCD9} = {E0918FD6-28F3-432A-87FA-8C5A38210F35}
	EndGlobalSection
	GlobalSection(SubversionScc) = preSolution
		Svn-Managed = True
		Manager = AnkhSVN - Subversion Support for Visual Studio
	EndGlobalSection
EndGlobal
