
Microsoft Visual Studio Solution File, Format Version 12.00
# Visual Studio 2013
VisualStudioVersion = 12.0.31101.0
MinimumVisualStudioVersion = 10.0.40219.1
Project("{8BC9CEB8-8B4A-11D0-8D11-00A0C91BC942}") = "EnterLeaveCriticalSection", "EnterLeaveCriticalSection\EnterLeaveCriticalSection.vcxproj", "{B013192A-38BA-4915-A771-E8132CBF855B}"
EndProject
Project("{8BC9CEB8-8B4A-11D0-8D11-00A0C91BC942}") = "WaitForReleaseEvent", "WaitForReleaseEvent\WaitForReleaseEvent.vcxproj", "{3916053B-0AF5-499D-99CA-12078D60A364}"
EndProject
Project("{8BC9CEB8-8B4A-11D0-8D11-00A0C91BC942}") = "SelectSocket", "SelectSocket\SelectSocket.vcxproj", "{3FD396F7-9253-4332-B2DD-BF16656A31DB}"
EndProject
Project("{8BC9CEB8-8B4A-11D0-8D11-00A0C91BC942}") = "TryEnterCriticalSection", "TryEnterCriticalSection\TryEnterCriticalSection.vcxproj", "{17C82F68-C9C5-4012-9B68-640B6A1C668E}"
EndProject
Project("{2150E333-8FDC-42A3-9474-1A3956D46DE8}") = "Tests", "Tests", "{F2854892-8A44-42E7-B7A7-AE600954FE24}"
EndProject
Project("{8BC9CEB8-8B4A-11D0-8D11-00A0C91BC942}") = "ReadWriteSocket", "ReadWriteSocket\ReadWriteSocket.vcxproj", "{CD488B9D-F0DC-48A8-8827-505CD1D86B88}"
EndProject
Project("{8BC9CEB8-8B4A-11D0-8D11-00A0C91BC942}") = "MemCpy", "MemCpy\MemCpy.vcxproj", "{7397AF04-2AE7-4775-A9F9-224B9C6808CA}"
EndProject
Global
	GlobalSection(SolutionConfigurationPlatforms) = preSolution
		Debug|x64 = Debug|x64
		Debug|x86 = Debug|x86
		Release|x64 = Release|x64
		Release|x86 = Release|x86
	EndGlobalSection
	GlobalSection(ProjectConfigurationPlatforms) = postSolution
		{B013192A-38BA-4915-A771-E8132CBF855B}.Debug|x64.ActiveCfg = Debug|x64
		{B013192A-38BA-4915-A771-E8132CBF855B}.Debug|x64.Build.0 = Debug|x64
		{B013192A-38BA-4915-A771-E8132CBF855B}.Debug|x86.ActiveCfg = Debug|Win32
		{B013192A-38BA-4915-A771-E8132CBF855B}.Debug|x86.Build.0 = Debug|Win32
		{B013192A-38BA-4915-A771-E8132CBF855B}.Release|x64.ActiveCfg = Release|x64
		{B013192A-38BA-4915-A771-E8132CBF855B}.Release|x64.Build.0 = Release|x64
		{B013192A-38BA-4915-A771-E8132CBF855B}.Release|x86.ActiveCfg = Release|Win32
		{B013192A-38BA-4915-A771-E8132CBF855B}.Release|x86.Build.0 = Release|Win32
		{3916053B-0AF5-499D-99CA-12078D60A364}.Debug|x64.ActiveCfg = Debug|x64
		{3916053B-0AF5-499D-99CA-12078D60A364}.Debug|x64.Build.0 = Debug|x64
		{3916053B-0AF5-499D-99CA-12078D60A364}.Debug|x86.ActiveCfg = Debug|Win32
		{3916053B-0AF5-499D-99CA-12078D60A364}.Debug|x86.Build.0 = Debug|Win32
		{3916053B-0AF5-499D-99CA-12078D60A364}.Release|x64.ActiveCfg = Release|x64
		{3916053B-0AF5-499D-99CA-12078D60A364}.Release|x64.Build.0 = Release|x64
		{3916053B-0AF5-499D-99CA-12078D60A364}.Release|x86.ActiveCfg = Release|Win32
		{3916053B-0AF5-499D-99CA-12078D60A364}.Release|x86.Build.0 = Release|Win32
		{3FD396F7-9253-4332-B2DD-BF16656A31DB}.Debug|x64.ActiveCfg = Debug|x64
		{3FD396F7-9253-4332-B2DD-BF16656A31DB}.Debug|x64.Build.0 = Debug|x64
		{3FD396F7-9253-4332-B2DD-BF16656A31DB}.Debug|x86.ActiveCfg = Debug|Win32
		{3FD396F7-9253-4332-B2DD-BF16656A31DB}.Debug|x86.Build.0 = Debug|Win32
		{3FD396F7-9253-4332-B2DD-BF16656A31DB}.Release|x64.ActiveCfg = Release|x64
		{3FD396F7-9253-4332-B2DD-BF16656A31DB}.Release|x64.Build.0 = Release|x64
		{3FD396F7-9253-4332-B2DD-BF16656A31DB}.Release|x86.ActiveCfg = Release|Win32
		{3FD396F7-9253-4332-B2DD-BF16656A31DB}.Release|x86.Build.0 = Release|Win32
		{17C82F68-C9C5-4012-9B68-640B6A1C668E}.Debug|x64.ActiveCfg = Debug|x64
		{17C82F68-C9C5-4012-9B68-640B6A1C668E}.Debug|x64.Build.0 = Debug|x64
		{17C82F68-C9C5-4012-9B68-640B6A1C668E}.Debug|x86.ActiveCfg = Debug|Win32
		{17C82F68-C9C5-4012-9B68-640B6A1C668E}.Debug|x86.Build.0 = Debug|Win32
		{17C82F68-C9C5-4012-9B68-640B6A1C668E}.Release|x64.ActiveCfg = Release|x64
		{17C82F68-C9C5-4012-9B68-640B6A1C668E}.Release|x64.Build.0 = Release|x64
		{17C82F68-C9C5-4012-9B68-640B6A1C668E}.Release|x86.ActiveCfg = Release|Win32
		{17C82F68-C9C5-4012-9B68-640B6A1C668E}.Release|x86.Build.0 = Release|Win32
		{CD488B9D-F0DC-48A8-8827-505CD1D86B88}.Debug|x64.ActiveCfg = Debug|x64
		{CD488B9D-F0DC-48A8-8827-505CD1D86B88}.Debug|x64.Build.0 = Debug|x64
		{CD488B9D-F0DC-48A8-8827-505CD1D86B88}.Debug|x86.ActiveCfg = Debug|Win32
		{CD488B9D-F0DC-48A8-8827-505CD1D86B88}.Debug|x86.Build.0 = Debug|Win32
		{CD488B9D-F0DC-48A8-8827-505CD1D86B88}.Release|x64.ActiveCfg = Release|x64
		{CD488B9D-F0DC-48A8-8827-505CD1D86B88}.Release|x64.Build.0 = Release|x64
		{CD488B9D-F0DC-48A8-8827-505CD1D86B88}.Release|x86.ActiveCfg = Release|Win32
		{CD488B9D-F0DC-48A8-8827-505CD1D86B88}.Release|x86.Build.0 = Release|Win32
		{7397AF04-2AE7-4775-A9F9-224B9C6808CA}.Debug|x64.ActiveCfg = Debug|x64
		{7397AF04-2AE7-4775-A9F9-224B9C6808CA}.Debug|x64.Build.0 = Debug|x64
		{7397AF04-2AE7-4775-A9F9-224B9C6808CA}.Debug|x86.ActiveCfg = Debug|Win32
		{7397AF04-2AE7-4775-A9F9-224B9C6808CA}.Debug|x86.Build.0 = Debug|Win32
		{7397AF04-2AE7-4775-A9F9-224B9C6808CA}.Release|x64.ActiveCfg = Release|x64
		{7397AF04-2AE7-4775-A9F9-224B9C6808CA}.Release|x64.Build.0 = Release|x64
		{7397AF04-2AE7-4775-A9F9-224B9C6808CA}.Release|x86.ActiveCfg = Release|Win32
		{7397AF04-2AE7-4775-A9F9-224B9C6808CA}.Release|x86.Build.0 = Release|Win32
	EndGlobalSection
	GlobalSection(SolutionProperties) = preSolution
		HideSolutionNode = FALSE
	EndGlobalSection
	GlobalSection(NestedProjects) = preSolution
		{B013192A-38BA-4915-A771-E8132CBF855B} = {F2854892-8A44-42E7-B7A7-AE600954FE24}
		{3916053B-0AF5-499D-99CA-12078D60A364} = {F2854892-8A44-42E7-B7A7-AE600954FE24}
		{3FD396F7-9253-4332-B2DD-BF16656A31DB} = {F2854892-8A44-42E7-B7A7-AE600954FE24}
		{17C82F68-C9C5-4012-9B68-640B6A1C668E} = {F2854892-8A44-42E7-B7A7-AE600954FE24}
		{CD488B9D-F0DC-48A8-8827-505CD1D86B88} = {F2854892-8A44-42E7-B7A7-AE600954FE24}
		{7397AF04-2AE7-4775-A9F9-224B9C6808CA} = {F2854892-8A44-42E7-B7A7-AE600954FE24}
	EndGlobalSection
EndGlobal
